// !$*UTF8*$!
{
	archiveVersion = 1;
	classes = {
	};
	objectVersion = 46;
	objects = {

/* Begin PBXBuildFile section */
		A54EC4BA1AA97F2700EBD2DE /* Manager.m in Sources */ = {isa = PBXBuildFile; fileRef = A54EC4B91AA97F2700EBD2DE /* Manager.m */; };
		A56C26611AA5E20600285B64 /* first_selected@2x.png in Resources */ = {isa = PBXBuildFile; fileRef = A56C265E1AA5E20600285B64 /* first_selected@2x.png */; };
		A56C26621AA5E20600285B64 /* second_selected@2x.png in Resources */ = {isa = PBXBuildFile; fileRef = A56C265F1AA5E20600285B64 /* second_selected@2x.png */; };
		A56C26631AA5E20600285B64 /* third_selected@2x.png in Resources */ = {isa = PBXBuildFile; fileRef = A56C26601AA5E20600285B64 /* third_selected@2x.png */; };
		A56C26651AA5E45700285B64 /* second_normal@2x.png in Resources */ = {isa = PBXBuildFile; fileRef = A56C26641AA5E45700285B64 /* second_normal@2x.png */; };
		A56C26671AA5E46400285B64 /* third_normal@2x.png in Resources */ = {isa = PBXBuildFile; fileRef = A56C26661AA5E46400285B64 /* third_normal@2x.png */; };
		A578AB711AA35B4000CC0AA5 /* launchScreen@2x.png in Resources */ = {isa = PBXBuildFile; fileRef = A578AB701AA35B4000CC0AA5 /* launchScreen@2x.png */; };
		A57D2FED1ABA5A9A00FC1264 /* bg_btn_disconnect@2x.png in Resources */ = {isa = PBXBuildFile; fileRef = A57D2FEC1ABA5A9A00FC1264 /* bg_btn_disconnect@2x.png */; };
		A57D2FF01ABC20A400FC1264 /* ShareVC.m in Sources */ = {isa = PBXBuildFile; fileRef = A57D2FEF1ABC20A400FC1264 /* ShareVC.m */; };
		A57D2FF31ABC4E6600FC1264 /* SettingMenu.m in Sources */ = {isa = PBXBuildFile; fileRef = A57D2FF21ABC4E6600FC1264 /* SettingMenu.m */; };
		A5BEA1291ACB814200765B00 /* minus@2x.png in Resources */ = {isa = PBXBuildFile; fileRef = A5BEA1251ACB814200765B00 /* minus@2x.png */; };
		A5BEA12A1ACB814200765B00 /* no@2x.png in Resources */ = {isa = PBXBuildFile; fileRef = A5BEA1261ACB814200765B00 /* no@2x.png */; };
		A5BEA12B1ACB814200765B00 /* plus@2x.png in Resources */ = {isa = PBXBuildFile; fileRef = A5BEA1271ACB814200765B00 /* plus@2x.png */; };
		A5BEA12C1ACB814200765B00 /* yes@2x.png in Resources */ = {isa = PBXBuildFile; fileRef = A5BEA1281ACB814200765B00 /* yes@2x.png */; };
		A5BEA12E1ACB954500765B00 /* bg_cell_white@2x.png in Resources */ = {isa = PBXBuildFile; fileRef = A5BEA12D1ACB954500765B00 /* bg_cell_white@2x.png */; };
		A5BEA13A1ACC245300765B00 /* icon58.png in Resources */ = {isa = PBXBuildFile; fileRef = A5BEA1311ACC245200765B00 /* icon58.png */; };
		A5BEA13B1ACC245300765B00 /* icon80.png in Resources */ = {isa = PBXBuildFile; fileRef = A5BEA1321ACC245300765B00 /* icon80.png */; };
		A5BEA13C1ACC245300765B00 /* icon87.png in Resources */ = {isa = PBXBuildFile; fileRef = A5BEA1331ACC245300765B00 /* icon87.png */; };
		A5BEA13D1ACC245300765B00 /* icon180.png in Resources */ = {isa = PBXBuildFile; fileRef = A5BEA1341ACC245300765B00 /* icon180.png */; };
		A5BEA13E1ACC245300765B00 /* lauchScreen480@2x.png in Resources */ = {isa = PBXBuildFile; fileRef = A5BEA1351ACC245300765B00 /* lauchScreen480@2x.png */; };
		A5BEA1431ACC252200765B00 /* bg_scancell_gray@2x.png in Resources */ = {isa = PBXBuildFile; fileRef = A5BEA1411ACC252200765B00 /* bg_scancell_gray@2x.png */; };
		A5BEA1441ACC252200765B00 /* bg_btn_gray@2x.png in Resources */ = {isa = PBXBuildFile; fileRef = A5BEA1421ACC252200765B00 /* bg_btn_gray@2x.png */; };
		A5BEA1471ACCF6F100765B00 /* RenameWakeup.m in Sources */ = {isa = PBXBuildFile; fileRef = A5BEA1461ACCF6F100765B00 /* RenameWakeup.m */; };
		A5C94C511ACA5F99009A6C6D /* bg_btn_red@2x.png in Resources */ = {isa = PBXBuildFile; fileRef = A5C94C501ACA5F99009A6C6D /* bg_btn_red@2x.png */; };
		A5D19AC01AC6DE8C000A8D29 /* aboutScreen@2x.png in Resources */ = {isa = PBXBuildFile; fileRef = A5D19ABF1AC6DE8C000A8D29 /* aboutScreen@2x.png */; };
		A5D19AC41AC7F5C0000A8D29 /* icon_60pt@2x.png in Resources */ = {isa = PBXBuildFile; fileRef = A5D19AC11AC7F5C0000A8D29 /* icon_60pt@2x.png */; };
		A5D19AC51AC7F5C0000A8D29 /* launch_iphone6@2x.png in Resources */ = {isa = PBXBuildFile; fileRef = A5D19AC21AC7F5C0000A8D29 /* launch_iphone6@2x.png */; };
		A5D19AC61AC7F5C0000A8D29 /* launch_iphone6P@3x.png in Resources */ = {isa = PBXBuildFile; fileRef = A5D19AC31AC7F5C0000A8D29 /* launch_iphone6P@3x.png */; };
		A5EFE1E41A88A052008775B7 /* icon@2x.png in Resources */ = {isa = PBXBuildFile; fileRef = A5EFE1E31A88A052008775B7 /* icon@2x.png */; };
		A5EFE1E61A88A347008775B7 /* ico_sidemenu_about@2x.png in Resources */ = {isa = PBXBuildFile; fileRef = A5EFE1E51A88A347008775B7 /* ico_sidemenu_about@2x.png */; };
		C33643FA1A7888810047AAE5 /* ProgressHUD.bundle in Resources */ = {isa = PBXBuildFile; fileRef = C33643F71A7888810047AAE5 /* ProgressHUD.bundle */; };
		C33643FB1A7888820047AAE5 /* ProgressHUD.m in Sources */ = {isa = PBXBuildFile; fileRef = C33643F91A7888810047AAE5 /* ProgressHUD.m */; };
		C33643FD1A789C410047AAE5 /* bg_sidemenu_cell@2x.png in Resources */ = {isa = PBXBuildFile; fileRef = C33643FC1A789C410047AAE5 /* bg_sidemenu_cell@2x.png */; };
		C33644011A78A20E0047AAE5 /* ico_scancell@2x.png in Resources */ = {isa = PBXBuildFile; fileRef = C33643FE1A78A20E0047AAE5 /* ico_scancell@2x.png */; };
		C33644021A78A20E0047AAE5 /* ico_sidemenu_share@2x.png in Resources */ = {isa = PBXBuildFile; fileRef = C33643FF1A78A20E0047AAE5 /* ico_sidemenu_share@2x.png */; };
		C33644031A78A20E0047AAE5 /* ico_sidemenu_tutorial@2x.png in Resources */ = {isa = PBXBuildFile; fileRef = C33644001A78A20E0047AAE5 /* ico_sidemenu_tutorial@2x.png */; };
		C33644081A78AA1F0047AAE5 /* bg_scancell_blue@2x.png in Resources */ = {isa = PBXBuildFile; fileRef = C33644041A78AA1F0047AAE5 /* bg_scancell_blue@2x.png */; };
		C336440A1A78AA1F0047AAE5 /* bg_scancell_green@2x.png in Resources */ = {isa = PBXBuildFile; fileRef = C33644061A78AA1F0047AAE5 /* bg_scancell_green@2x.png */; };
		C336440B1A78AA1F0047AAE5 /* bg_scancell_red@2x.png in Resources */ = {isa = PBXBuildFile; fileRef = C33644071A78AA1F0047AAE5 /* bg_scancell_red@2x.png */; };
		C336440D1A78AB1A0047AAE5 /* ico_imist@2x.png in Resources */ = {isa = PBXBuildFile; fileRef = C336440C1A78AB1A0047AAE5 /* ico_imist@2x.png */; };
		C336440F1A78AB5C0047AAE5 /* bg_btn_blue@2x.png in Resources */ = {isa = PBXBuildFile; fileRef = C336440E1A78AB5C0047AAE5 /* bg_btn_blue@2x.png */; };
		C33644151A78ABAE0047AAE5 /* ico_navibtn_setting@2x.png in Resources */ = {isa = PBXBuildFile; fileRef = C33644111A78ABAE0047AAE5 /* ico_navibtn_setting@2x.png */; };
		C33644161A78ABAE0047AAE5 /* ico_navibtn_sidemenu@2x.png in Resources */ = {isa = PBXBuildFile; fileRef = C33644121A78ABAE0047AAE5 /* ico_navibtn_sidemenu@2x.png */; };
		C33F4E091A7BD8AB009A497A /* bg_btn_green@2x.png in Resources */ = {isa = PBXBuildFile; fileRef = C33F4E081A7BD8AB009A497A /* bg_btn_green@2x.png */; };
		C33F4E111A7BE46F009A497A /* tutorial_eng_0.png in Resources */ = {isa = PBXBuildFile; fileRef = C33F4E0A1A7BE46F009A497A /* tutorial_eng_0.png */; };
		C33F4E121A7BE46F009A497A /* tutorial_eng_1.png in Resources */ = {isa = PBXBuildFile; fileRef = C33F4E0B1A7BE46F009A497A /* tutorial_eng_1.png */; };
		C33F4E131A7BE46F009A497A /* tutorial_eng_2.png in Resources */ = {isa = PBXBuildFile; fileRef = C33F4E0C1A7BE46F009A497A /* tutorial_eng_2.png */; };
		C33F4E141A7BE46F009A497A /* tutorial_eng_3.png in Resources */ = {isa = PBXBuildFile; fileRef = C33F4E0D1A7BE46F009A497A /* tutorial_eng_3.png */; };
		C33F4E151A7BE46F009A497A /* tutorial_eng_4.png in Resources */ = {isa = PBXBuildFile; fileRef = C33F4E0E1A7BE46F009A497A /* tutorial_eng_4.png */; };
		C33F4E161A7BE46F009A497A /* tutorial_eng_5.png in Resources */ = {isa = PBXBuildFile; fileRef = C33F4E0F1A7BE46F009A497A /* tutorial_eng_5.png */; };
		C33F4E171A7BE46F009A497A /* tutorial_eng.png in Resources */ = {isa = PBXBuildFile; fileRef = C33F4E101A7BE46F009A497A /* tutorial_eng.png */; };
		C33F4E1F1A7DFC10009A497A /* tutorial_eng1_4.png in Resources */ = {isa = PBXBuildFile; fileRef = C33F4E181A7DFC10009A497A /* tutorial_eng1_4.png */; };
		C33F4E201A7DFC10009A497A /* tutorial_eng2_4.png in Resources */ = {isa = PBXBuildFile; fileRef = C33F4E191A7DFC10009A497A /* tutorial_eng2_4.png */; };
		C33F4E211A7DFC10009A497A /* tutorial_eng3_4.png in Resources */ = {isa = PBXBuildFile; fileRef = C33F4E1A1A7DFC10009A497A /* tutorial_eng3_4.png */; };
		C33F4E221A7DFC10009A497A /* tutorial_eng4_4.png in Resources */ = {isa = PBXBuildFile; fileRef = C33F4E1B1A7DFC10009A497A /* tutorial_eng4_4.png */; };
		C33F4E231A7DFC10009A497A /* tutorial_eng5_4.png in Resources */ = {isa = PBXBuildFile; fileRef = C33F4E1C1A7DFC10009A497A /* tutorial_eng5_4.png */; };
		C33F4E241A7DFC10009A497A /* tutorial_eng6_4.png in Resources */ = {isa = PBXBuildFile; fileRef = C33F4E1D1A7DFC10009A497A /* tutorial_eng6_4.png */; };
		C33F4E251A7DFC10009A497A /* tutorial_eng7_4.png in Resources */ = {isa = PBXBuildFile; fileRef = C33F4E1E1A7DFC10009A497A /* tutorial_eng7_4.png */; };
		C33F4E291A7E07ED009A497A /* app41@2x.png in Resources */ = {isa = PBXBuildFile; fileRef = C33F4E261A7E07ED009A497A /* app41@2x.png */; };
		C33F4E2A1A7E07ED009A497A /* app42@2x.png in Resources */ = {isa = PBXBuildFile; fileRef = C33F4E271A7E07ED009A497A /* app42@2x.png */; };
		C33F4E2B1A7E07ED009A497A /* app43@2x.png in Resources */ = {isa = PBXBuildFile; fileRef = C33F4E281A7E07ED009A497A /* app43@2x.png */; };
		C33F4E2E1A7E09BD009A497A /* AlertSettingCell.m in Sources */ = {isa = PBXBuildFile; fileRef = C33F4E2D1A7E09BD009A497A /* AlertSettingCell.m */; };
		C3422B3B1A56A2AB0095B6AA /* UIImage+GIF.m in Sources */ = {isa = PBXBuildFile; fileRef = C3422B3A1A56A2AB0095B6AA /* UIImage+GIF.m */; };
		C3422B401A56A8BB0095B6AA /* arrow@2x.png in Resources */ = {isa = PBXBuildFile; fileRef = C3422B3F1A56A8BB0095B6AA /* arrow@2x.png */; };
		C3422B461A56C4E90095B6AA /* activityView.m in Sources */ = {isa = PBXBuildFile; fileRef = C3422B431A56C4E90095B6AA /* activityView.m */; };
		C3422B471A56C4E90095B6AA /* EGORefreshTableHeaderView.m in Sources */ = {isa = PBXBuildFile; fileRef = C3422B451A56C4E90095B6AA /* EGORefreshTableHeaderView.m */; };
		C3422B4E1A56C6020095B6AA /* rh_pattern.png in Resources */ = {isa = PBXBuildFile; fileRef = C3422B481A56C6020095B6AA /* rh_pattern.png */; };
		C3422B4F1A56C6020095B6AA /* rh_pattern@2x.png in Resources */ = {isa = PBXBuildFile; fileRef = C3422B491A56C6020095B6AA /* rh_pattern@2x.png */; };
		C3422B501A56C6020095B6AA /* rh_up.png in Resources */ = {isa = PBXBuildFile; fileRef = C3422B4A1A56C6020095B6AA /* rh_up.png */; };
		C3422B511A56C6020095B6AA /* rh_up@2x.png in Resources */ = {isa = PBXBuildFile; fileRef = C3422B4B1A56C6020095B6AA /* rh_up@2x.png */; };
		C3422B521A56C6020095B6AA /* rh_whirl.png in Resources */ = {isa = PBXBuildFile; fileRef = C3422B4C1A56C6020095B6AA /* rh_whirl.png */; };
		C3422B531A56C6020095B6AA /* rh_whirl@2x.png in Resources */ = {isa = PBXBuildFile; fileRef = C3422B4D1A56C6020095B6AA /* rh_whirl@2x.png */; };
		C34A285A1A6B83E30008367C /* SettingModeVC.m in Sources */ = {isa = PBXBuildFile; fileRef = C34A28591A6B83E30008367C /* SettingModeVC.m */; };
		C352A1181A6F696400FC285A /* AddAlarmVC.m in Sources */ = {isa = PBXBuildFile; fileRef = C352A1171A6F696400FC285A /* AddAlarmVC.m */; };
		C352A11B1A6F819C00FC285A /* PickDayVC.m in Sources */ = {isa = PBXBuildFile; fileRef = C352A11A1A6F819C00FC285A /* PickDayVC.m */; };
		C35D16171A61017D000E57BC /* SideMenuCell.m in Sources */ = {isa = PBXBuildFile; fileRef = C35D16161A61017D000E57BC /* SideMenuCell.m */; };
		C35D161A1A610DCC000E57BC /* ScanDeviceCell.m in Sources */ = {isa = PBXBuildFile; fileRef = C35D16191A610DCC000E57BC /* ScanDeviceCell.m */; };
		C388197F1A516D3A004A98CA /* BTServer.m in Sources */ = {isa = PBXBuildFile; fileRef = C388197E1A516D3A004A98CA /* BTServer.m */; };
		C38819821A516DC7004A98CA /* PeriperalInfo.m in Sources */ = {isa = PBXBuildFile; fileRef = C38819811A516DC7004A98CA /* PeriperalInfo.m */; };
		C388198C1A5175A5004A98CA /* MFSideMenuContainerViewController.m in Sources */ = {isa = PBXBuildFile; fileRef = C38819871A5175A5004A98CA /* MFSideMenuContainerViewController.m */; };
		C388198D1A5175A5004A98CA /* MFSideMenuShadow.m in Sources */ = {isa = PBXBuildFile; fileRef = C38819891A5175A5004A98CA /* MFSideMenuShadow.m */; };
		C388198E1A5175A5004A98CA /* UIViewController+MFSideMenuAdditions.m in Sources */ = {isa = PBXBuildFile; fileRef = C388198B1A5175A5004A98CA /* UIViewController+MFSideMenuAdditions.m */; };
		C38819911A5175EF004A98CA /* ScanDevicesVC.m in Sources */ = {isa = PBXBuildFile; fileRef = C38819901A5175EF004A98CA /* ScanDevicesVC.m */; };
		C38819941A517635004A98CA /* SideMenuViewController.m in Sources */ = {isa = PBXBuildFile; fileRef = C38819931A517635004A98CA /* SideMenuViewController.m */; };
		C388199C1A523FC0004A98CA /* back-arrow.png in Resources */ = {isa = PBXBuildFile; fileRef = C38819971A523FC0004A98CA /* back-arrow.png */; };
		C388199D1A523FC0004A98CA /* back-arrow@2x.png in Resources */ = {isa = PBXBuildFile; fileRef = C38819981A523FC0004A98CA /* back-arrow@2x.png */; };
		C388199E1A523FC0004A98CA /* Default-568h@2x.png in Resources */ = {isa = PBXBuildFile; fileRef = C38819991A523FC0004A98CA /* Default-568h@2x.png */; };
		C388199F1A523FC0004A98CA /* menu-icon.png in Resources */ = {isa = PBXBuildFile; fileRef = C388199A1A523FC0004A98CA /* menu-icon.png */; };
		C38819A01A523FC0004A98CA /* menu-icon@2x.png in Resources */ = {isa = PBXBuildFile; fileRef = C388199B1A523FC0004A98CA /* menu-icon@2x.png */; };
		C38819A31A5247D2004A98CA /* SettingVC.m in Sources */ = {isa = PBXBuildFile; fileRef = C38819A21A5247D2004A98CA /* SettingVC.m */; };
		C38819A61A524D02004A98CA /* AboutVC.m in Sources */ = {isa = PBXBuildFile; fileRef = C38819A51A524D02004A98CA /* AboutVC.m */; };
		C3A8A0731A4EB94D004C9ADE /* main.m in Sources */ = {isa = PBXBuildFile; fileRef = C3A8A0721A4EB94D004C9ADE /* main.m */; };
		C3A8A0761A4EB94D004C9ADE /* AppDelegate.m in Sources */ = {isa = PBXBuildFile; fileRef = C3A8A0751A4EB94D004C9ADE /* AppDelegate.m */; };
		C3A8A07E1A4EB94D004C9ADE /* Images.xcassets in Resources */ = {isa = PBXBuildFile; fileRef = C3A8A07D1A4EB94D004C9ADE /* Images.xcassets */; };
		C3A8A0811A4EB94D004C9ADE /* LaunchScreen.xib in Resources */ = {isa = PBXBuildFile; fileRef = C3A8A07F1A4EB94D004C9ADE /* LaunchScreen.xib */; };
		C3A8A08D1A4EB94D004C9ADE /* ImistTests.m in Sources */ = {isa = PBXBuildFile; fileRef = C3A8A08C1A4EB94D004C9ADE /* ImistTests.m */; };
		C3A8A0981A4EB996004C9ADE /* InfoPlist.strings in Resources */ = {isa = PBXBuildFile; fileRef = C3A8A09A1A4EB996004C9ADE /* InfoPlist.strings */; };
		C3A8A0A11A4EBB9D004C9ADE /* BaseViewController.m in Sources */ = {isa = PBXBuildFile; fileRef = C3A8A0A01A4EBB9D004C9ADE /* BaseViewController.m */; };
		C3A8A0A41A4EBC3C004C9ADE /* Foundation.framework in Frameworks */ = {isa = PBXBuildFile; fileRef = C3A8A0A31A4EBC3C004C9ADE /* Foundation.framework */; };
		C3A8A0A61A4EBC49004C9ADE /* CoreBluetooth.framework in Frameworks */ = {isa = PBXBuildFile; fileRef = C3A8A0A51A4EBC49004C9ADE /* CoreBluetooth.framework */; };
		C3A8A0A81A4EBC52004C9ADE /* QuartzCore.framework in Frameworks */ = {isa = PBXBuildFile; fileRef = C3A8A0A71A4EBC52004C9ADE /* QuartzCore.framework */; };
		C3A8A0AA1A4EBC66004C9ADE /* ImageIO.framework in Frameworks */ = {isa = PBXBuildFile; fileRef = C3A8A0A91A4EBC66004C9ADE /* ImageIO.framework */; };
		C3A8A0AC1A4EBC77004C9ADE /* UIKit.framework in Frameworks */ = {isa = PBXBuildFile; fileRef = C3A8A0AB1A4EBC77004C9ADE /* UIKit.framework */; };
		C3A8A0AE1A4EBC86004C9ADE /* SystemConfiguration.framework in Frameworks */ = {isa = PBXBuildFile; fileRef = C3A8A0AD1A4EBC86004C9ADE /* SystemConfiguration.framework */; };
		C3A8A0B01A4EBC94004C9ADE /* CoreLocation.framework in Frameworks */ = {isa = PBXBuildFile; fileRef = C3A8A0AF1A4EBC94004C9ADE /* CoreLocation.framework */; settings = {ATTRIBUTES = (Weak, ); }; };
		C3A8A0B21A4EBCA6004C9ADE /* CoreGraphics.framework in Frameworks */ = {isa = PBXBuildFile; fileRef = C3A8A0B11A4EBCA6004C9ADE /* CoreGraphics.framework */; };
		C3A8A0B81A4EBDC4004C9ADE /* Functions.m in Sources */ = {isa = PBXBuildFile; fileRef = C3A8A0B71A4EBDC4004C9ADE /* Functions.m */; };
		C3A8A0BA1A4EBDD6004C9ADE /* MobileCoreServices.framework in Frameworks */ = {isa = PBXBuildFile; fileRef = C3A8A0B91A4EBDD6004C9ADE /* MobileCoreServices.framework */; };
		C3A8A0BC1A4EBDE0004C9ADE /* MessageUI.framework in Frameworks */ = {isa = PBXBuildFile; fileRef = C3A8A0BB1A4EBDE0004C9ADE /* MessageUI.framework */; };
		C3A8A0C21A4EBE45004C9ADE /* NSDate+InnerBand.m in Sources */ = {isa = PBXBuildFile; fileRef = C3A8A0C11A4EBE45004C9ADE /* NSDate+InnerBand.m */; };
		C3A8A0C61A4EC2DC004C9ADE /* NSStringEx.m in Sources */ = {isa = PBXBuildFile; fileRef = C3A8A0C51A4EC2DC004C9ADE /* NSStringEx.m */; };
		C3A8A0C91A4EC57D004C9ADE /* UIColor+InnerBand.m in Sources */ = {isa = PBXBuildFile; fileRef = C3A8A0C81A4EC57D004C9ADE /* UIColor+InnerBand.m */; };
		C3A8A0CC1A4FD18D004C9ADE /* TutoralVC.m in Sources */ = {isa = PBXBuildFile; fileRef = C3A8A0CB1A4FD18D004C9ADE /* TutoralVC.m */; };
		C3C4466D1A875BCB006D3D76 /* setting@2x.png in Resources */ = {isa = PBXBuildFile; fileRef = C3C4466C1A875BCB006D3D76 /* setting@2x.png */; };
		C3D7CA3E1A84760B00FBE9CB /* ico_minus2@2x.png in Resources */ = {isa = PBXBuildFile; fileRef = C3D7CA3C1A84760B00FBE9CB /* ico_minus2@2x.png */; };
		C3D7CA3F1A84760B00FBE9CB /* ico_plus2@2x.png in Resources */ = {isa = PBXBuildFile; fileRef = C3D7CA3D1A84760B00FBE9CB /* ico_plus2@2x.png */; };
		C3D7CA411A847FCA00FBE9CB /* app40@2x.png in Resources */ = {isa = PBXBuildFile; fileRef = C3D7CA401A847FCA00FBE9CB /* app40@2x.png */; };
		C3D7CA431A84B73300FBE9CB /* AVKit.framework in Frameworks */ = {isa = PBXBuildFile; fileRef = C3D7CA421A84B73300FBE9CB /* AVKit.framework */; settings = {ATTRIBUTES = (Weak, ); }; };
		C3DFE8F11A6CB36E0044F52E /* SettingAlerm.m in Sources */ = {isa = PBXBuildFile; fileRef = C3DFE8F01A6CB36E0044F52E /* SettingAlerm.m */; };
		C3DFE9071A6CB6F20044F52E /* first_normal@2x.png in Resources */ = {isa = PBXBuildFile; fileRef = C3DFE8F31A6CB6F10044F52E /* first_normal@2x.png */; };
		C3DFE9091A6CB6F20044F52E /* first_selected@2x.png in Resources */ = {isa = PBXBuildFile; fileRef = C3DFE8F51A6CB6F10044F52E /* first_selected@2x.png */; };
		C3DFE90A1A6CB6F20044F52E /* navigationbar_background.png in Resources */ = {isa = PBXBuildFile; fileRef = C3DFE8F61A6CB6F10044F52E /* navigationbar_background.png */; };
		C3DFE90B1A6CB6F20044F52E /* navigationbar_background@2x.png in Resources */ = {isa = PBXBuildFile; fileRef = C3DFE8F71A6CB6F10044F52E /* navigationbar_background@2x.png */; };
		C3DFE90C1A6CB6F20044F52E /* navigationbar_background_tall.png in Resources */ = {isa = PBXBuildFile; fileRef = C3DFE8F81A6CB6F10044F52E /* navigationbar_background_tall.png */; };
		C3DFE90D1A6CB6F20044F52E /* navigationbar_background_tall@2x.png in Resources */ = {isa = PBXBuildFile; fileRef = C3DFE8F91A6CB6F10044F52E /* navigationbar_background_tall@2x.png */; };
		C3DFE9111A6CB6F20044F52E /* second_selected@2x.png in Resources */ = {isa = PBXBuildFile; fileRef = C3DFE8FD1A6CB6F20044F52E /* second_selected@2x.png */; };
		C3DFE9121A6CB6F20044F52E /* tabbar_normal_background.png in Resources */ = {isa = PBXBuildFile; fileRef = C3DFE8FE1A6CB6F20044F52E /* tabbar_normal_background.png */; };
		C3DFE9131A6CB6F20044F52E /* tabbar_normal_background@2x.png in Resources */ = {isa = PBXBuildFile; fileRef = C3DFE8FF1A6CB6F20044F52E /* tabbar_normal_background@2x.png */; };
		C3DFE9141A6CB6F20044F52E /* tabbar_selected_background.png in Resources */ = {isa = PBXBuildFile; fileRef = C3DFE9001A6CB6F20044F52E /* tabbar_selected_background.png */; };
		C3DFE9151A6CB6F20044F52E /* tabbar_selected_background@2x.png in Resources */ = {isa = PBXBuildFile; fileRef = C3DFE9011A6CB6F20044F52E /* tabbar_selected_background@2x.png */; };
		C3DFE9191A6CB6F20044F52E /* third_selected@2x.png in Resources */ = {isa = PBXBuildFile; fileRef = C3DFE9051A6CB6F20044F52E /* third_selected@2x.png */; };
		C3E365FC1A6B9AFC002170CA /* SettingUser.m in Sources */ = {isa = PBXBuildFile; fileRef = C3E365FB1A6B9AFC002170CA /* SettingUser.m */; };
		C3E366041A6BBC20002170CA /* RDVTabBar.m in Sources */ = {isa = PBXBuildFile; fileRef = C3E365FF1A6BBC20002170CA /* RDVTabBar.m */; };
		C3E366051A6BBC20002170CA /* RDVTabBarController.m in Sources */ = {isa = PBXBuildFile; fileRef = C3E366011A6BBC20002170CA /* RDVTabBarController.m */; };
		C3E366061A6BBC20002170CA /* RDVTabBarItem.m in Sources */ = {isa = PBXBuildFile; fileRef = C3E366031A6BBC20002170CA /* RDVTabBarItem.m */; };
		C3E7C1851A85DB4100C58294 /* Bicker.mp3 in Resources */ = {isa = PBXBuildFile; fileRef = C3E7C17F1A85DB4100C58294 /* Bicker.mp3 */; };
		C3E7C1861A85DB4100C58294 /* Chirp.mp3 in Resources */ = {isa = PBXBuildFile; fileRef = C3E7C1801A85DB4100C58294 /* Chirp.mp3 */; };
		C3E7C1871A85DB4100C58294 /* Hill stream.mp3 in Resources */ = {isa = PBXBuildFile; fileRef = C3E7C1811A85DB4100C58294 /* Hill stream.mp3 */; };
		C3E7C1881A85DB4100C58294 /* Rain.mp3 in Resources */ = {isa = PBXBuildFile; fileRef = C3E7C1821A85DB4100C58294 /* Rain.mp3 */; };
		C3E7C1891A85DB4100C58294 /* Wave.mp3 in Resources */ = {isa = PBXBuildFile; fileRef = C3E7C1831A85DB4100C58294 /* Wave.mp3 */; };
		C3E7C18A1A85DB4100C58294 /* Zen.mp3 in Resources */ = {isa = PBXBuildFile; fileRef = C3E7C1841A85DB4100C58294 /* Zen.mp3 */; };
		C3E8D7071AA3110500301B6B /* user_set01@2x.png in Resources */ = {isa = PBXBuildFile; fileRef = C3E8D7011AA3110500301B6B /* user_set01@2x.png */; };
		C3E8D7081AA3110500301B6B /* user_set02@2x.png in Resources */ = {isa = PBXBuildFile; fileRef = C3E8D7021AA3110500301B6B /* user_set02@2x.png */; };
		C3E8D7091AA3110500301B6B /* user_set03@2x.png in Resources */ = {isa = PBXBuildFile; fileRef = C3E8D7031AA3110500301B6B /* user_set03@2x.png */; };
		C3E8D70A1AA3110500301B6B /* user_set04@2x.png in Resources */ = {isa = PBXBuildFile; fileRef = C3E8D7041AA3110500301B6B /* user_set04@2x.png */; };
		C3E8D70B1AA3110500301B6B /* user_set05@2x.png in Resources */ = {isa = PBXBuildFile; fileRef = C3E8D7051AA3110500301B6B /* user_set05@2x.png */; };
		C3E8D70C1AA3110500301B6B /* user_set06@2x.png in Resources */ = {isa = PBXBuildFile; fileRef = C3E8D7061AA3110500301B6B /* user_set06@2x.png */; };
		C3F7E0F61A708FB700984037 /* PickSoundVC.m in Sources */ = {isa = PBXBuildFile; fileRef = C3F7E0F51A708FB700984037 /* PickSoundVC.m */; };
		C3F7E0F81A70930800984037 /* AudioToolbox.framework in Frameworks */ = {isa = PBXBuildFile; fileRef = C3F7E0F71A70930800984037 /* AudioToolbox.framework */; };
/* End PBXBuildFile section */

/* Begin PBXContainerItemProxy section */
		C3A8A0871A4EB94D004C9ADE /* PBXContainerItemProxy */ = {
			isa = PBXContainerItemProxy;
			containerPortal = C3A8A0651A4EB94D004C9ADE /* Project object */;
			proxyType = 1;
			remoteGlobalIDString = C3A8A06C1A4EB94D004C9ADE;
			remoteInfo = Imist;
		};
/* End PBXContainerItemProxy section */

/* Begin PBXFileReference section */
		A54EC4B81AA97F2700EBD2DE /* Manager.h */ = {isa = PBXFileReference; fileEncoding = 4; lastKnownFileType = sourcecode.c.h; path = Manager.h; sourceTree = "<group>"; };
		A54EC4B91AA97F2700EBD2DE /* Manager.m */ = {isa = PBXFileReference; fileEncoding = 4; lastKnownFileType = sourcecode.c.objc; path = Manager.m; sourceTree = "<group>"; };
		A56C265E1AA5E20600285B64 /* first_selected@2x.png */ = {isa = PBXFileReference; lastKnownFileType = image.png; path = "first_selected@2x.png"; sourceTree = "<group>"; };
		A56C265F1AA5E20600285B64 /* second_selected@2x.png */ = {isa = PBXFileReference; lastKnownFileType = image.png; path = "second_selected@2x.png"; sourceTree = "<group>"; };
		A56C26601AA5E20600285B64 /* third_selected@2x.png */ = {isa = PBXFileReference; lastKnownFileType = image.png; path = "third_selected@2x.png"; sourceTree = "<group>"; };
		A56C26641AA5E45700285B64 /* second_normal@2x.png */ = {isa = PBXFileReference; lastKnownFileType = image.png; path = "second_normal@2x.png"; sourceTree = "<group>"; };
		A56C26661AA5E46400285B64 /* third_normal@2x.png */ = {isa = PBXFileReference; lastKnownFileType = image.png; path = "third_normal@2x.png"; sourceTree = "<group>"; };
		A578AB701AA35B4000CC0AA5 /* launchScreen@2x.png */ = {isa = PBXFileReference; lastKnownFileType = image.png; path = "launchScreen@2x.png"; sourceTree = "<group>"; };
		A57D2FEC1ABA5A9A00FC1264 /* bg_btn_disconnect@2x.png */ = {isa = PBXFileReference; lastKnownFileType = image.png; path = "bg_btn_disconnect@2x.png"; sourceTree = "<group>"; };
		A57D2FEE1ABC20A400FC1264 /* ShareVC.h */ = {isa = PBXFileReference; fileEncoding = 4; lastKnownFileType = sourcecode.c.h; path = ShareVC.h; sourceTree = "<group>"; };
		A57D2FEF1ABC20A400FC1264 /* ShareVC.m */ = {isa = PBXFileReference; fileEncoding = 4; lastKnownFileType = sourcecode.c.objc; path = ShareVC.m; sourceTree = "<group>"; };
		A57D2FF11ABC4E6600FC1264 /* SettingMenu.h */ = {isa = PBXFileReference; fileEncoding = 4; lastKnownFileType = sourcecode.c.h; path = SettingMenu.h; sourceTree = "<group>"; };
		A57D2FF21ABC4E6600FC1264 /* SettingMenu.m */ = {isa = PBXFileReference; fileEncoding = 4; lastKnownFileType = sourcecode.c.objc; path = SettingMenu.m; sourceTree = "<group>"; };
		A5BEA1251ACB814200765B00 /* minus@2x.png */ = {isa = PBXFileReference; lastKnownFileType = image.png; path = "minus@2x.png"; sourceTree = "<group>"; };
		A5BEA1261ACB814200765B00 /* no@2x.png */ = {isa = PBXFileReference; lastKnownFileType = image.png; path = "no@2x.png"; sourceTree = "<group>"; };
		A5BEA1271ACB814200765B00 /* plus@2x.png */ = {isa = PBXFileReference; lastKnownFileType = image.png; path = "plus@2x.png"; sourceTree = "<group>"; };
		A5BEA1281ACB814200765B00 /* yes@2x.png */ = {isa = PBXFileReference; lastKnownFileType = image.png; path = "yes@2x.png"; sourceTree = "<group>"; };
		A5BEA12D1ACB954500765B00 /* bg_cell_white@2x.png */ = {isa = PBXFileReference; lastKnownFileType = image.png; path = "bg_cell_white@2x.png"; sourceTree = "<group>"; };
		A5BEA1311ACC245200765B00 /* icon58.png */ = {isa = PBXFileReference; lastKnownFileType = image.png; path = icon58.png; sourceTree = "<group>"; };
		A5BEA1321ACC245300765B00 /* icon80.png */ = {isa = PBXFileReference; lastKnownFileType = image.png; path = icon80.png; sourceTree = "<group>"; };
		A5BEA1331ACC245300765B00 /* icon87.png */ = {isa = PBXFileReference; lastKnownFileType = image.png; path = icon87.png; sourceTree = "<group>"; };
		A5BEA1341ACC245300765B00 /* icon180.png */ = {isa = PBXFileReference; lastKnownFileType = image.png; path = icon180.png; sourceTree = "<group>"; };
		A5BEA1351ACC245300765B00 /* lauchScreen480@2x.png */ = {isa = PBXFileReference; lastKnownFileType = image.png; path = "lauchScreen480@2x.png"; sourceTree = "<group>"; };
		A5BEA1411ACC252200765B00 /* bg_scancell_gray@2x.png */ = {isa = PBXFileReference; lastKnownFileType = image.png; path = "bg_scancell_gray@2x.png"; sourceTree = "<group>"; };
		A5BEA1421ACC252200765B00 /* bg_btn_gray@2x.png */ = {isa = PBXFileReference; lastKnownFileType = image.png; path = "bg_btn_gray@2x.png"; sourceTree = "<group>"; };
		A5BEA1451ACCF6F100765B00 /* RenameWakeup.h */ = {isa = PBXFileReference; fileEncoding = 4; lastKnownFileType = sourcecode.c.h; path = RenameWakeup.h; sourceTree = "<group>"; };
		A5BEA1461ACCF6F100765B00 /* RenameWakeup.m */ = {isa = PBXFileReference; fileEncoding = 4; lastKnownFileType = sourcecode.c.objc; path = RenameWakeup.m; sourceTree = "<group>"; };
		A5C94C501ACA5F99009A6C6D /* bg_btn_red@2x.png */ = {isa = PBXFileReference; lastKnownFileType = image.png; path = "bg_btn_red@2x.png"; sourceTree = "<group>"; };
		A5D19ABF1AC6DE8C000A8D29 /* aboutScreen@2x.png */ = {isa = PBXFileReference; lastKnownFileType = image.png; path = "aboutScreen@2x.png"; sourceTree = "<group>"; };
		A5D19AC11AC7F5C0000A8D29 /* icon_60pt@2x.png */ = {isa = PBXFileReference; lastKnownFileType = image.png; path = "icon_60pt@2x.png"; sourceTree = "<group>"; };
		A5D19AC21AC7F5C0000A8D29 /* launch_iphone6@2x.png */ = {isa = PBXFileReference; lastKnownFileType = image.png; path = "launch_iphone6@2x.png"; sourceTree = "<group>"; };
		A5D19AC31AC7F5C0000A8D29 /* launch_iphone6P@3x.png */ = {isa = PBXFileReference; lastKnownFileType = image.png; path = "launch_iphone6P@3x.png"; sourceTree = "<group>"; };
		A5EFE1E31A88A052008775B7 /* icon@2x.png */ = {isa = PBXFileReference; lastKnownFileType = image.png; path = "icon@2x.png"; sourceTree = "<group>"; };
		A5EFE1E51A88A347008775B7 /* ico_sidemenu_about@2x.png */ = {isa = PBXFileReference; lastKnownFileType = image.png; path = "ico_sidemenu_about@2x.png"; sourceTree = "<group>"; };
		C33643F71A7888810047AAE5 /* ProgressHUD.bundle */ = {isa = PBXFileReference; lastKnownFileType = "wrapper.plug-in"; path = ProgressHUD.bundle; sourceTree = "<group>"; };
		C33643F81A7888810047AAE5 /* ProgressHUD.h */ = {isa = PBXFileReference; fileEncoding = 4; lastKnownFileType = sourcecode.c.h; path = ProgressHUD.h; sourceTree = "<group>"; };
		C33643F91A7888810047AAE5 /* ProgressHUD.m */ = {isa = PBXFileReference; fileEncoding = 4; lastKnownFileType = sourcecode.c.objc; path = ProgressHUD.m; sourceTree = "<group>"; };
		C33643FC1A789C410047AAE5 /* bg_sidemenu_cell@2x.png */ = {isa = PBXFileReference; lastKnownFileType = image.png; path = "bg_sidemenu_cell@2x.png"; sourceTree = "<group>"; };
		C33643FE1A78A20E0047AAE5 /* ico_scancell@2x.png */ = {isa = PBXFileReference; lastKnownFileType = image.png; path = "ico_scancell@2x.png"; sourceTree = "<group>"; };
		C33643FF1A78A20E0047AAE5 /* ico_sidemenu_share@2x.png */ = {isa = PBXFileReference; lastKnownFileType = image.png; path = "ico_sidemenu_share@2x.png"; sourceTree = "<group>"; };
		C33644001A78A20E0047AAE5 /* ico_sidemenu_tutorial@2x.png */ = {isa = PBXFileReference; lastKnownFileType = image.png; path = "ico_sidemenu_tutorial@2x.png"; sourceTree = "<group>"; };
		C33644041A78AA1F0047AAE5 /* bg_scancell_blue@2x.png */ = {isa = PBXFileReference; lastKnownFileType = image.png; path = "bg_scancell_blue@2x.png"; sourceTree = "<group>"; };
		C33644061A78AA1F0047AAE5 /* bg_scancell_green@2x.png */ = {isa = PBXFileReference; lastKnownFileType = image.png; path = "bg_scancell_green@2x.png"; sourceTree = "<group>"; };
		C33644071A78AA1F0047AAE5 /* bg_scancell_red@2x.png */ = {isa = PBXFileReference; lastKnownFileType = image.png; path = "bg_scancell_red@2x.png"; sourceTree = "<group>"; };
		C336440C1A78AB1A0047AAE5 /* ico_imist@2x.png */ = {isa = PBXFileReference; lastKnownFileType = image.png; path = "ico_imist@2x.png"; sourceTree = "<group>"; };
		C336440E1A78AB5C0047AAE5 /* bg_btn_blue@2x.png */ = {isa = PBXFileReference; lastKnownFileType = image.png; path = "bg_btn_blue@2x.png"; sourceTree = "<group>"; };
		C33644111A78ABAE0047AAE5 /* ico_navibtn_setting@2x.png */ = {isa = PBXFileReference; lastKnownFileType = image.png; path = "ico_navibtn_setting@2x.png"; sourceTree = "<group>"; };
		C33644121A78ABAE0047AAE5 /* ico_navibtn_sidemenu@2x.png */ = {isa = PBXFileReference; lastKnownFileType = image.png; path = "ico_navibtn_sidemenu@2x.png"; sourceTree = "<group>"; };
		C33F4E081A7BD8AB009A497A /* bg_btn_green@2x.png */ = {isa = PBXFileReference; lastKnownFileType = image.png; path = "bg_btn_green@2x.png"; sourceTree = "<group>"; };
		C33F4E0A1A7BE46F009A497A /* tutorial_eng_0.png */ = {isa = PBXFileReference; lastKnownFileType = image.png; path = tutorial_eng_0.png; sourceTree = "<group>"; };
		C33F4E0B1A7BE46F009A497A /* tutorial_eng_1.png */ = {isa = PBXFileReference; lastKnownFileType = image.png; path = tutorial_eng_1.png; sourceTree = "<group>"; };
		C33F4E0C1A7BE46F009A497A /* tutorial_eng_2.png */ = {isa = PBXFileReference; lastKnownFileType = image.png; path = tutorial_eng_2.png; sourceTree = "<group>"; };
		C33F4E0D1A7BE46F009A497A /* tutorial_eng_3.png */ = {isa = PBXFileReference; lastKnownFileType = image.png; path = tutorial_eng_3.png; sourceTree = "<group>"; };
		C33F4E0E1A7BE46F009A497A /* tutorial_eng_4.png */ = {isa = PBXFileReference; lastKnownFileType = image.png; path = tutorial_eng_4.png; sourceTree = "<group>"; };
		C33F4E0F1A7BE46F009A497A /* tutorial_eng_5.png */ = {isa = PBXFileReference; lastKnownFileType = image.png; path = tutorial_eng_5.png; sourceTree = "<group>"; };
		C33F4E101A7BE46F009A497A /* tutorial_eng.png */ = {isa = PBXFileReference; lastKnownFileType = image.png; path = tutorial_eng.png; sourceTree = "<group>"; };
		C33F4E181A7DFC10009A497A /* tutorial_eng1_4.png */ = {isa = PBXFileReference; lastKnownFileType = image.png; path = tutorial_eng1_4.png; sourceTree = "<group>"; };
		C33F4E191A7DFC10009A497A /* tutorial_eng2_4.png */ = {isa = PBXFileReference; lastKnownFileType = image.png; path = tutorial_eng2_4.png; sourceTree = "<group>"; };
		C33F4E1A1A7DFC10009A497A /* tutorial_eng3_4.png */ = {isa = PBXFileReference; lastKnownFileType = image.png; path = tutorial_eng3_4.png; sourceTree = "<group>"; };
		C33F4E1B1A7DFC10009A497A /* tutorial_eng4_4.png */ = {isa = PBXFileReference; lastKnownFileType = image.png; path = tutorial_eng4_4.png; sourceTree = "<group>"; };
		C33F4E1C1A7DFC10009A497A /* tutorial_eng5_4.png */ = {isa = PBXFileReference; lastKnownFileType = image.png; path = tutorial_eng5_4.png; sourceTree = "<group>"; };
		C33F4E1D1A7DFC10009A497A /* tutorial_eng6_4.png */ = {isa = PBXFileReference; lastKnownFileType = image.png; path = tutorial_eng6_4.png; sourceTree = "<group>"; };
		C33F4E1E1A7DFC10009A497A /* tutorial_eng7_4.png */ = {isa = PBXFileReference; lastKnownFileType = image.png; path = tutorial_eng7_4.png; sourceTree = "<group>"; };
		C33F4E261A7E07ED009A497A /* app41@2x.png */ = {isa = PBXFileReference; lastKnownFileType = image.png; path = "app41@2x.png"; sourceTree = "<group>"; };
		C33F4E271A7E07ED009A497A /* app42@2x.png */ = {isa = PBXFileReference; lastKnownFileType = image.png; path = "app42@2x.png"; sourceTree = "<group>"; };
		C33F4E281A7E07ED009A497A /* app43@2x.png */ = {isa = PBXFileReference; lastKnownFileType = image.png; path = "app43@2x.png"; sourceTree = "<group>"; };
		C33F4E2C1A7E09BD009A497A /* AlertSettingCell.h */ = {isa = PBXFileReference; fileEncoding = 4; lastKnownFileType = sourcecode.c.h; path = AlertSettingCell.h; sourceTree = "<group>"; };
		C33F4E2D1A7E09BD009A497A /* AlertSettingCell.m */ = {isa = PBXFileReference; fileEncoding = 4; lastKnownFileType = sourcecode.c.objc; path = AlertSettingCell.m; sourceTree = "<group>"; };
		C3422B391A56A2AB0095B6AA /* UIImage+GIF.h */ = {isa = PBXFileReference; fileEncoding = 4; lastKnownFileType = sourcecode.c.h; path = "UIImage+GIF.h"; sourceTree = "<group>"; };
		C3422B3A1A56A2AB0095B6AA /* UIImage+GIF.m */ = {isa = PBXFileReference; fileEncoding = 4; lastKnownFileType = sourcecode.c.objc; path = "UIImage+GIF.m"; sourceTree = "<group>"; };
		C3422B3F1A56A8BB0095B6AA /* arrow@2x.png */ = {isa = PBXFileReference; lastKnownFileType = image.png; path = "arrow@2x.png"; sourceTree = "<group>"; };
		C3422B421A56C4E90095B6AA /* activityView.h */ = {isa = PBXFileReference; fileEncoding = 4; lastKnownFileType = sourcecode.c.h; path = activityView.h; sourceTree = "<group>"; };
		C3422B431A56C4E90095B6AA /* activityView.m */ = {isa = PBXFileReference; fileEncoding = 4; lastKnownFileType = sourcecode.c.objc; path = activityView.m; sourceTree = "<group>"; };
		C3422B441A56C4E90095B6AA /* EGORefreshTableHeaderView.h */ = {isa = PBXFileReference; fileEncoding = 4; lastKnownFileType = sourcecode.c.h; path = EGORefreshTableHeaderView.h; sourceTree = "<group>"; };
		C3422B451A56C4E90095B6AA /* EGORefreshTableHeaderView.m */ = {isa = PBXFileReference; fileEncoding = 4; lastKnownFileType = sourcecode.c.objc; path = EGORefreshTableHeaderView.m; sourceTree = "<group>"; };
		C3422B481A56C6020095B6AA /* rh_pattern.png */ = {isa = PBXFileReference; lastKnownFileType = image.png; path = rh_pattern.png; sourceTree = "<group>"; };
		C3422B491A56C6020095B6AA /* rh_pattern@2x.png */ = {isa = PBXFileReference; lastKnownFileType = image.png; path = "rh_pattern@2x.png"; sourceTree = "<group>"; };
		C3422B4A1A56C6020095B6AA /* rh_up.png */ = {isa = PBXFileReference; lastKnownFileType = image.png; path = rh_up.png; sourceTree = "<group>"; };
		C3422B4B1A56C6020095B6AA /* rh_up@2x.png */ = {isa = PBXFileReference; lastKnownFileType = image.png; path = "rh_up@2x.png"; sourceTree = "<group>"; };
		C3422B4C1A56C6020095B6AA /* rh_whirl.png */ = {isa = PBXFileReference; lastKnownFileType = image.png; path = rh_whirl.png; sourceTree = "<group>"; };
		C3422B4D1A56C6020095B6AA /* rh_whirl@2x.png */ = {isa = PBXFileReference; lastKnownFileType = image.png; path = "rh_whirl@2x.png"; sourceTree = "<group>"; };
		C34A28581A6B83E30008367C /* SettingModeVC.h */ = {isa = PBXFileReference; fileEncoding = 4; lastKnownFileType = sourcecode.c.h; path = SettingModeVC.h; sourceTree = "<group>"; };
		C34A28591A6B83E30008367C /* SettingModeVC.m */ = {isa = PBXFileReference; fileEncoding = 4; lastKnownFileType = sourcecode.c.objc; path = SettingModeVC.m; sourceTree = "<group>"; };
		C352A1161A6F696400FC285A /* AddAlarmVC.h */ = {isa = PBXFileReference; fileEncoding = 4; lastKnownFileType = sourcecode.c.h; path = AddAlarmVC.h; sourceTree = "<group>"; };
		C352A1171A6F696400FC285A /* AddAlarmVC.m */ = {isa = PBXFileReference; fileEncoding = 4; lastKnownFileType = sourcecode.c.objc; path = AddAlarmVC.m; sourceTree = "<group>"; };
		C352A1191A6F819C00FC285A /* PickDayVC.h */ = {isa = PBXFileReference; fileEncoding = 4; lastKnownFileType = sourcecode.c.h; path = PickDayVC.h; sourceTree = "<group>"; };
		C352A11A1A6F819C00FC285A /* PickDayVC.m */ = {isa = PBXFileReference; fileEncoding = 4; lastKnownFileType = sourcecode.c.objc; path = PickDayVC.m; sourceTree = "<group>"; };
		C35D16151A61017D000E57BC /* SideMenuCell.h */ = {isa = PBXFileReference; fileEncoding = 4; lastKnownFileType = sourcecode.c.h; path = SideMenuCell.h; sourceTree = "<group>"; };
		C35D16161A61017D000E57BC /* SideMenuCell.m */ = {isa = PBXFileReference; fileEncoding = 4; lastKnownFileType = sourcecode.c.objc; path = SideMenuCell.m; sourceTree = "<group>"; };
		C35D16181A610DCC000E57BC /* ScanDeviceCell.h */ = {isa = PBXFileReference; fileEncoding = 4; lastKnownFileType = sourcecode.c.h; path = ScanDeviceCell.h; sourceTree = "<group>"; };
		C35D16191A610DCC000E57BC /* ScanDeviceCell.m */ = {isa = PBXFileReference; fileEncoding = 4; lastKnownFileType = sourcecode.c.objc; path = ScanDeviceCell.m; sourceTree = "<group>"; };
		C388197D1A516D3A004A98CA /* BTServer.h */ = {isa = PBXFileReference; fileEncoding = 4; lastKnownFileType = sourcecode.c.h; path = BTServer.h; sourceTree = "<group>"; };
		C388197E1A516D3A004A98CA /* BTServer.m */ = {isa = PBXFileReference; fileEncoding = 4; lastKnownFileType = sourcecode.c.objc; path = BTServer.m; sourceTree = "<group>"; };
		C38819801A516DC7004A98CA /* PeriperalInfo.h */ = {isa = PBXFileReference; fileEncoding = 4; lastKnownFileType = sourcecode.c.h; path = PeriperalInfo.h; sourceTree = "<group>"; };
		C38819811A516DC7004A98CA /* PeriperalInfo.m */ = {isa = PBXFileReference; fileEncoding = 4; lastKnownFileType = sourcecode.c.objc; path = PeriperalInfo.m; sourceTree = "<group>"; };
		C38819851A5175A5004A98CA /* MFSideMenu.h */ = {isa = PBXFileReference; fileEncoding = 4; lastKnownFileType = sourcecode.c.h; path = MFSideMenu.h; sourceTree = "<group>"; };
		C38819861A5175A5004A98CA /* MFSideMenuContainerViewController.h */ = {isa = PBXFileReference; fileEncoding = 4; lastKnownFileType = sourcecode.c.h; path = MFSideMenuContainerViewController.h; sourceTree = "<group>"; };
		C38819871A5175A5004A98CA /* MFSideMenuContainerViewController.m */ = {isa = PBXFileReference; fileEncoding = 4; lastKnownFileType = sourcecode.c.objc; path = MFSideMenuContainerViewController.m; sourceTree = "<group>"; };
		C38819881A5175A5004A98CA /* MFSideMenuShadow.h */ = {isa = PBXFileReference; fileEncoding = 4; lastKnownFileType = sourcecode.c.h; path = MFSideMenuShadow.h; sourceTree = "<group>"; };
		C38819891A5175A5004A98CA /* MFSideMenuShadow.m */ = {isa = PBXFileReference; fileEncoding = 4; lastKnownFileType = sourcecode.c.objc; path = MFSideMenuShadow.m; sourceTree = "<group>"; };
		C388198A1A5175A5004A98CA /* UIViewController+MFSideMenuAdditions.h */ = {isa = PBXFileReference; fileEncoding = 4; lastKnownFileType = sourcecode.c.h; path = "UIViewController+MFSideMenuAdditions.h"; sourceTree = "<group>"; };
		C388198B1A5175A5004A98CA /* UIViewController+MFSideMenuAdditions.m */ = {isa = PBXFileReference; fileEncoding = 4; lastKnownFileType = sourcecode.c.objc; path = "UIViewController+MFSideMenuAdditions.m"; sourceTree = "<group>"; };
		C388198F1A5175EF004A98CA /* ScanDevicesVC.h */ = {isa = PBXFileReference; fileEncoding = 4; lastKnownFileType = sourcecode.c.h; path = ScanDevicesVC.h; sourceTree = "<group>"; };
		C38819901A5175EF004A98CA /* ScanDevicesVC.m */ = {isa = PBXFileReference; fileEncoding = 4; lastKnownFileType = sourcecode.c.objc; path = ScanDevicesVC.m; sourceTree = "<group>"; };
		C38819921A517635004A98CA /* SideMenuViewController.h */ = {isa = PBXFileReference; fileEncoding = 4; lastKnownFileType = sourcecode.c.h; path = SideMenuViewController.h; sourceTree = "<group>"; };
		C38819931A517635004A98CA /* SideMenuViewController.m */ = {isa = PBXFileReference; fileEncoding = 4; lastKnownFileType = sourcecode.c.objc; path = SideMenuViewController.m; sourceTree = "<group>"; };
		C38819971A523FC0004A98CA /* back-arrow.png */ = {isa = PBXFileReference; lastKnownFileType = image.png; path = "back-arrow.png"; sourceTree = "<group>"; };
		C38819981A523FC0004A98CA /* back-arrow@2x.png */ = {isa = PBXFileReference; lastKnownFileType = image.png; path = "back-arrow@2x.png"; sourceTree = "<group>"; };
		C38819991A523FC0004A98CA /* Default-568h@2x.png */ = {isa = PBXFileReference; lastKnownFileType = image.png; path = "Default-568h@2x.png"; sourceTree = "<group>"; };
		C388199A1A523FC0004A98CA /* menu-icon.png */ = {isa = PBXFileReference; lastKnownFileType = image.png; path = "menu-icon.png"; sourceTree = "<group>"; };
		C388199B1A523FC0004A98CA /* menu-icon@2x.png */ = {isa = PBXFileReference; lastKnownFileType = image.png; path = "menu-icon@2x.png"; sourceTree = "<group>"; };
		C38819A11A5247D2004A98CA /* SettingVC.h */ = {isa = PBXFileReference; fileEncoding = 4; lastKnownFileType = sourcecode.c.h; path = SettingVC.h; sourceTree = "<group>"; };
		C38819A21A5247D2004A98CA /* SettingVC.m */ = {isa = PBXFileReference; fileEncoding = 4; lastKnownFileType = sourcecode.c.objc; path = SettingVC.m; sourceTree = "<group>"; };
		C38819A41A524D02004A98CA /* AboutVC.h */ = {isa = PBXFileReference; fileEncoding = 4; lastKnownFileType = sourcecode.c.h; path = AboutVC.h; sourceTree = "<group>"; };
		C38819A51A524D02004A98CA /* AboutVC.m */ = {isa = PBXFileReference; fileEncoding = 4; lastKnownFileType = sourcecode.c.objc; path = AboutVC.m; sourceTree = "<group>"; };
		C3A8A06D1A4EB94D004C9ADE /* Imist.app */ = {isa = PBXFileReference; explicitFileType = wrapper.application; includeInIndex = 0; path = Imist.app; sourceTree = BUILT_PRODUCTS_DIR; };
		C3A8A0711A4EB94D004C9ADE /* Info.plist */ = {isa = PBXFileReference; lastKnownFileType = text.plist.xml; path = Info.plist; sourceTree = "<group>"; };
		C3A8A0721A4EB94D004C9ADE /* main.m */ = {isa = PBXFileReference; lastKnownFileType = sourcecode.c.objc; path = main.m; sourceTree = "<group>"; };
		C3A8A0741A4EB94D004C9ADE /* AppDelegate.h */ = {isa = PBXFileReference; lastKnownFileType = sourcecode.c.h; path = AppDelegate.h; sourceTree = "<group>"; };
		C3A8A0751A4EB94D004C9ADE /* AppDelegate.m */ = {isa = PBXFileReference; lastKnownFileType = sourcecode.c.objc; path = AppDelegate.m; sourceTree = "<group>"; };
		C3A8A07D1A4EB94D004C9ADE /* Images.xcassets */ = {isa = PBXFileReference; lastKnownFileType = folder.assetcatalog; name = Images.xcassets; path = /Users/christ/Documents/Imist8/Imist/Images.xcassets; sourceTree = "<absolute>"; };
		C3A8A0801A4EB94D004C9ADE /* Base */ = {isa = PBXFileReference; lastKnownFileType = file.xib; name = Base; path = Base.lproj/LaunchScreen.xib; sourceTree = "<group>"; };
		C3A8A0861A4EB94D004C9ADE /* ImistTests.xctest */ = {isa = PBXFileReference; explicitFileType = wrapper.cfbundle; includeInIndex = 0; path = ImistTests.xctest; sourceTree = BUILT_PRODUCTS_DIR; };
		C3A8A08B1A4EB94D004C9ADE /* Info.plist */ = {isa = PBXFileReference; lastKnownFileType = text.plist.xml; path = Info.plist; sourceTree = "<group>"; };
		C3A8A08C1A4EB94D004C9ADE /* ImistTests.m */ = {isa = PBXFileReference; lastKnownFileType = sourcecode.c.objc; path = ImistTests.m; sourceTree = "<group>"; };
		C3A8A0991A4EB996004C9ADE /* en */ = {isa = PBXFileReference; lastKnownFileType = text.plist.strings; name = en; path = en.lproj/InfoPlist.strings; sourceTree = "<group>"; };
		C3A8A09B1A4EB999004C9ADE /* Base */ = {isa = PBXFileReference; lastKnownFileType = text.plist.strings; name = Base; path = Base.lproj/InfoPlist.strings; sourceTree = "<group>"; };
		C3A8A09D1A4EBA1F004C9ADE /* en */ = {isa = PBXFileReference; lastKnownFileType = text.plist.strings; name = en; path = en.lproj/LaunchScreen.strings; sourceTree = "<group>"; };
		C3A8A09F1A4EBB9D004C9ADE /* BaseViewController.h */ = {isa = PBXFileReference; fileEncoding = 4; lastKnownFileType = sourcecode.c.h; path = BaseViewController.h; sourceTree = "<group>"; };
		C3A8A0A01A4EBB9D004C9ADE /* BaseViewController.m */ = {isa = PBXFileReference; fileEncoding = 4; lastKnownFileType = sourcecode.c.objc; path = BaseViewController.m; sourceTree = "<group>"; };
		C3A8A0A21A4EBC02004C9ADE /* Imist-Prefix.pch */ = {isa = PBXFileReference; fileEncoding = 4; lastKnownFileType = sourcecode.c.h; path = "Imist-Prefix.pch"; sourceTree = "<group>"; };
		C3A8A0A31A4EBC3C004C9ADE /* Foundation.framework */ = {isa = PBXFileReference; lastKnownFileType = wrapper.framework; name = Foundation.framework; path = System/Library/Frameworks/Foundation.framework; sourceTree = SDKROOT; };
		C3A8A0A51A4EBC49004C9ADE /* CoreBluetooth.framework */ = {isa = PBXFileReference; lastKnownFileType = wrapper.framework; name = CoreBluetooth.framework; path = System/Library/Frameworks/CoreBluetooth.framework; sourceTree = SDKROOT; };
		C3A8A0A71A4EBC52004C9ADE /* QuartzCore.framework */ = {isa = PBXFileReference; lastKnownFileType = wrapper.framework; name = QuartzCore.framework; path = System/Library/Frameworks/QuartzCore.framework; sourceTree = SDKROOT; };
		C3A8A0A91A4EBC66004C9ADE /* ImageIO.framework */ = {isa = PBXFileReference; lastKnownFileType = wrapper.framework; name = ImageIO.framework; path = System/Library/Frameworks/ImageIO.framework; sourceTree = SDKROOT; };
		C3A8A0AB1A4EBC77004C9ADE /* UIKit.framework */ = {isa = PBXFileReference; lastKnownFileType = wrapper.framework; name = UIKit.framework; path = System/Library/Frameworks/UIKit.framework; sourceTree = SDKROOT; };
		C3A8A0AD1A4EBC86004C9ADE /* SystemConfiguration.framework */ = {isa = PBXFileReference; lastKnownFileType = wrapper.framework; name = SystemConfiguration.framework; path = System/Library/Frameworks/SystemConfiguration.framework; sourceTree = SDKROOT; };
		C3A8A0AF1A4EBC94004C9ADE /* CoreLocation.framework */ = {isa = PBXFileReference; lastKnownFileType = wrapper.framework; name = CoreLocation.framework; path = System/Library/Frameworks/CoreLocation.framework; sourceTree = SDKROOT; };
		C3A8A0B11A4EBCA6004C9ADE /* CoreGraphics.framework */ = {isa = PBXFileReference; lastKnownFileType = wrapper.framework; name = CoreGraphics.framework; path = System/Library/Frameworks/CoreGraphics.framework; sourceTree = SDKROOT; };
		C3A8A0B51A4EBDA6004C9ADE /* Macros.h */ = {isa = PBXFileReference; fileEncoding = 4; lastKnownFileType = sourcecode.c.h; path = Macros.h; sourceTree = "<group>"; };
		C3A8A0B61A4EBDC4004C9ADE /* Functions.h */ = {isa = PBXFileReference; fileEncoding = 4; lastKnownFileType = sourcecode.c.h; path = Functions.h; sourceTree = "<group>"; };
		C3A8A0B71A4EBDC4004C9ADE /* Functions.m */ = {isa = PBXFileReference; fileEncoding = 4; lastKnownFileType = sourcecode.c.objc; path = Functions.m; sourceTree = "<group>"; };
		C3A8A0B91A4EBDD6004C9ADE /* MobileCoreServices.framework */ = {isa = PBXFileReference; lastKnownFileType = wrapper.framework; name = MobileCoreServices.framework; path = System/Library/Frameworks/MobileCoreServices.framework; sourceTree = SDKROOT; };
		C3A8A0BB1A4EBDE0004C9ADE /* MessageUI.framework */ = {isa = PBXFileReference; lastKnownFileType = wrapper.framework; name = MessageUI.framework; path = System/Library/Frameworks/MessageUI.framework; sourceTree = SDKROOT; };
		C3A8A0C01A4EBE45004C9ADE /* NSDate+InnerBand.h */ = {isa = PBXFileReference; fileEncoding = 4; lastKnownFileType = sourcecode.c.h; path = "NSDate+InnerBand.h"; sourceTree = "<group>"; };
		C3A8A0C11A4EBE45004C9ADE /* NSDate+InnerBand.m */ = {isa = PBXFileReference; fileEncoding = 4; lastKnownFileType = sourcecode.c.objc; path = "NSDate+InnerBand.m"; sourceTree = "<group>"; };
		C3A8A0C41A4EC2DC004C9ADE /* NSStringEx.h */ = {isa = PBXFileReference; fileEncoding = 4; lastKnownFileType = sourcecode.c.h; path = NSStringEx.h; sourceTree = "<group>"; };
		C3A8A0C51A4EC2DC004C9ADE /* NSStringEx.m */ = {isa = PBXFileReference; fileEncoding = 4; lastKnownFileType = sourcecode.c.objc; path = NSStringEx.m; sourceTree = "<group>"; };
		C3A8A0C71A4EC57D004C9ADE /* UIColor+InnerBand.h */ = {isa = PBXFileReference; fileEncoding = 4; lastKnownFileType = sourcecode.c.h; path = "UIColor+InnerBand.h"; sourceTree = "<group>"; };
		C3A8A0C81A4EC57D004C9ADE /* UIColor+InnerBand.m */ = {isa = PBXFileReference; fileEncoding = 4; lastKnownFileType = sourcecode.c.objc; path = "UIColor+InnerBand.m"; sourceTree = "<group>"; };
		C3A8A0CA1A4FD18D004C9ADE /* TutoralVC.h */ = {isa = PBXFileReference; fileEncoding = 4; lastKnownFileType = sourcecode.c.h; path = TutoralVC.h; sourceTree = "<group>"; };
		C3A8A0CB1A4FD18D004C9ADE /* TutoralVC.m */ = {isa = PBXFileReference; fileEncoding = 4; lastKnownFileType = sourcecode.c.objc; path = TutoralVC.m; sourceTree = "<group>"; };
		C3C4466C1A875BCB006D3D76 /* setting@2x.png */ = {isa = PBXFileReference; lastKnownFileType = image.png; path = "setting@2x.png"; sourceTree = "<group>"; };
		C3D7CA3C1A84760B00FBE9CB /* ico_minus2@2x.png */ = {isa = PBXFileReference; lastKnownFileType = image.png; path = "ico_minus2@2x.png"; sourceTree = "<group>"; };
		C3D7CA3D1A84760B00FBE9CB /* ico_plus2@2x.png */ = {isa = PBXFileReference; lastKnownFileType = image.png; path = "ico_plus2@2x.png"; sourceTree = "<group>"; };
		C3D7CA401A847FCA00FBE9CB /* app40@2x.png */ = {isa = PBXFileReference; lastKnownFileType = image.png; path = "app40@2x.png"; sourceTree = "<group>"; };
		C3D7CA421A84B73300FBE9CB /* AVKit.framework */ = {isa = PBXFileReference; lastKnownFileType = wrapper.framework; name = AVKit.framework; path = System/Library/Frameworks/AVKit.framework; sourceTree = SDKROOT; };
		C3DFE8EF1A6CB36E0044F52E /* SettingAlerm.h */ = {isa = PBXFileReference; fileEncoding = 4; lastKnownFileType = sourcecode.c.h; path = SettingAlerm.h; sourceTree = "<group>"; };
		C3DFE8F01A6CB36E0044F52E /* SettingAlerm.m */ = {isa = PBXFileReference; fileEncoding = 4; lastKnownFileType = sourcecode.c.objc; path = SettingAlerm.m; sourceTree = "<group>"; };
		C3DFE8F31A6CB6F10044F52E /* first_normal@2x.png */ = {isa = PBXFileReference; lastKnownFileType = image.png; path = "first_normal@2x.png"; sourceTree = "<group>"; };
		C3DFE8F51A6CB6F10044F52E /* first_selected@2x.png */ = {isa = PBXFileReference; lastKnownFileType = image.png; path = "first_selected@2x.png"; sourceTree = "<group>"; };
		C3DFE8F61A6CB6F10044F52E /* navigationbar_background.png */ = {isa = PBXFileReference; lastKnownFileType = image.png; path = navigationbar_background.png; sourceTree = "<group>"; };
		C3DFE8F71A6CB6F10044F52E /* navigationbar_background@2x.png */ = {isa = PBXFileReference; lastKnownFileType = image.png; path = "navigationbar_background@2x.png"; sourceTree = "<group>"; };
		C3DFE8F81A6CB6F10044F52E /* navigationbar_background_tall.png */ = {isa = PBXFileReference; lastKnownFileType = image.png; path = navigationbar_background_tall.png; sourceTree = "<group>"; };
		C3DFE8F91A6CB6F10044F52E /* navigationbar_background_tall@2x.png */ = {isa = PBXFileReference; lastKnownFileType = image.png; path = "navigationbar_background_tall@2x.png"; sourceTree = "<group>"; };
		C3DFE8FD1A6CB6F20044F52E /* second_selected@2x.png */ = {isa = PBXFileReference; lastKnownFileType = image.png; path = "second_selected@2x.png"; sourceTree = "<group>"; };
		C3DFE8FE1A6CB6F20044F52E /* tabbar_normal_background.png */ = {isa = PBXFileReference; lastKnownFileType = image.png; path = tabbar_normal_background.png; sourceTree = "<group>"; };
		C3DFE8FF1A6CB6F20044F52E /* tabbar_normal_background@2x.png */ = {isa = PBXFileReference; lastKnownFileType = image.png; path = "tabbar_normal_background@2x.png"; sourceTree = "<group>"; };
		C3DFE9001A6CB6F20044F52E /* tabbar_selected_background.png */ = {isa = PBXFileReference; lastKnownFileType = image.png; path = tabbar_selected_background.png; sourceTree = "<group>"; };
		C3DFE9011A6CB6F20044F52E /* tabbar_selected_background@2x.png */ = {isa = PBXFileReference; lastKnownFileType = image.png; path = "tabbar_selected_background@2x.png"; sourceTree = "<group>"; };
		C3DFE9051A6CB6F20044F52E /* third_selected@2x.png */ = {isa = PBXFileReference; lastKnownFileType = image.png; path = "third_selected@2x.png"; sourceTree = "<group>"; };
		C3E365FA1A6B9AFC002170CA /* SettingUser.h */ = {isa = PBXFileReference; fileEncoding = 4; lastKnownFileType = sourcecode.c.h; path = SettingUser.h; sourceTree = "<group>"; };
		C3E365FB1A6B9AFC002170CA /* SettingUser.m */ = {isa = PBXFileReference; fileEncoding = 4; lastKnownFileType = sourcecode.c.objc; path = SettingUser.m; sourceTree = "<group>"; };
		C3E365FE1A6BBC20002170CA /* RDVTabBar.h */ = {isa = PBXFileReference; fileEncoding = 4; lastKnownFileType = sourcecode.c.h; path = RDVTabBar.h; sourceTree = "<group>"; };
		C3E365FF1A6BBC20002170CA /* RDVTabBar.m */ = {isa = PBXFileReference; fileEncoding = 4; lastKnownFileType = sourcecode.c.objc; path = RDVTabBar.m; sourceTree = "<group>"; };
		C3E366001A6BBC20002170CA /* RDVTabBarController.h */ = {isa = PBXFileReference; fileEncoding = 4; lastKnownFileType = sourcecode.c.h; path = RDVTabBarController.h; sourceTree = "<group>"; };
		C3E366011A6BBC20002170CA /* RDVTabBarController.m */ = {isa = PBXFileReference; fileEncoding = 4; lastKnownFileType = sourcecode.c.objc; path = RDVTabBarController.m; sourceTree = "<group>"; };
		C3E366021A6BBC20002170CA /* RDVTabBarItem.h */ = {isa = PBXFileReference; fileEncoding = 4; lastKnownFileType = sourcecode.c.h; path = RDVTabBarItem.h; sourceTree = "<group>"; };
		C3E366031A6BBC20002170CA /* RDVTabBarItem.m */ = {isa = PBXFileReference; fileEncoding = 4; lastKnownFileType = sourcecode.c.objc; path = RDVTabBarItem.m; sourceTree = "<group>"; };
		C3E7C17F1A85DB4100C58294 /* Bicker.mp3 */ = {isa = PBXFileReference; lastKnownFileType = audio.mp3; path = Bicker.mp3; sourceTree = "<group>"; };
		C3E7C1801A85DB4100C58294 /* Chirp.mp3 */ = {isa = PBXFileReference; lastKnownFileType = audio.mp3; path = Chirp.mp3; sourceTree = "<group>"; };
		C3E7C1811A85DB4100C58294 /* Hill stream.mp3 */ = {isa = PBXFileReference; lastKnownFileType = audio.mp3; path = "Hill stream.mp3"; sourceTree = "<group>"; };
		C3E7C1821A85DB4100C58294 /* Rain.mp3 */ = {isa = PBXFileReference; lastKnownFileType = audio.mp3; path = Rain.mp3; sourceTree = "<group>"; };
		C3E7C1831A85DB4100C58294 /* Wave.mp3 */ = {isa = PBXFileReference; lastKnownFileType = audio.mp3; path = Wave.mp3; sourceTree = "<group>"; };
		C3E7C1841A85DB4100C58294 /* Zen.mp3 */ = {isa = PBXFileReference; lastKnownFileType = audio.mp3; path = Zen.mp3; sourceTree = "<group>"; };
		C3E8D7011AA3110500301B6B /* user_set01@2x.png */ = {isa = PBXFileReference; lastKnownFileType = image.png; path = "user_set01@2x.png"; sourceTree = "<group>"; };
		C3E8D7021AA3110500301B6B /* user_set02@2x.png */ = {isa = PBXFileReference; lastKnownFileType = image.png; path = "user_set02@2x.png"; sourceTree = "<group>"; };
		C3E8D7031AA3110500301B6B /* user_set03@2x.png */ = {isa = PBXFileReference; lastKnownFileType = image.png; path = "user_set03@2x.png"; sourceTree = "<group>"; };
		C3E8D7041AA3110500301B6B /* user_set04@2x.png */ = {isa = PBXFileReference; lastKnownFileType = image.png; path = "user_set04@2x.png"; sourceTree = "<group>"; };
		C3E8D7051AA3110500301B6B /* user_set05@2x.png */ = {isa = PBXFileReference; lastKnownFileType = image.png; path = "user_set05@2x.png"; sourceTree = "<group>"; };
		C3E8D7061AA3110500301B6B /* user_set06@2x.png */ = {isa = PBXFileReference; lastKnownFileType = image.png; path = "user_set06@2x.png"; sourceTree = "<group>"; };
		C3F7E0F41A708FB700984037 /* PickSoundVC.h */ = {isa = PBXFileReference; fileEncoding = 4; lastKnownFileType = sourcecode.c.h; path = PickSoundVC.h; sourceTree = "<group>"; };
		C3F7E0F51A708FB700984037 /* PickSoundVC.m */ = {isa = PBXFileReference; fileEncoding = 4; lastKnownFileType = sourcecode.c.objc; path = PickSoundVC.m; sourceTree = "<group>"; };
		C3F7E0F71A70930800984037 /* AudioToolbox.framework */ = {isa = PBXFileReference; lastKnownFileType = wrapper.framework; name = AudioToolbox.framework; path = System/Library/Frameworks/AudioToolbox.framework; sourceTree = SDKROOT; };
/* End PBXFileReference section */

/* Begin PBXFrameworksBuildPhase section */
		C3A8A06A1A4EB94D004C9ADE /* Frameworks */ = {
			isa = PBXFrameworksBuildPhase;
			buildActionMask = 2147483647;
			files = (
				C3D7CA431A84B73300FBE9CB /* AVKit.framework in Frameworks */,
				C3F7E0F81A70930800984037 /* AudioToolbox.framework in Frameworks */,
				C3A8A0BC1A4EBDE0004C9ADE /* MessageUI.framework in Frameworks */,
				C3A8A0BA1A4EBDD6004C9ADE /* MobileCoreServices.framework in Frameworks */,
				C3A8A0B21A4EBCA6004C9ADE /* CoreGraphics.framework in Frameworks */,
				C3A8A0B01A4EBC94004C9ADE /* CoreLocation.framework in Frameworks */,
				C3A8A0AE1A4EBC86004C9ADE /* SystemConfiguration.framework in Frameworks */,
				C3A8A0AC1A4EBC77004C9ADE /* UIKit.framework in Frameworks */,
				C3A8A0AA1A4EBC66004C9ADE /* ImageIO.framework in Frameworks */,
				C3A8A0A81A4EBC52004C9ADE /* QuartzCore.framework in Frameworks */,
				C3A8A0A61A4EBC49004C9ADE /* CoreBluetooth.framework in Frameworks */,
				C3A8A0A41A4EBC3C004C9ADE /* Foundation.framework in Frameworks */,
			);
			runOnlyForDeploymentPostprocessing = 0;
		};
		C3A8A0831A4EB94D004C9ADE /* Frameworks */ = {
			isa = PBXFrameworksBuildPhase;
			buildActionMask = 2147483647;
			files = (
			);
			runOnlyForDeploymentPostprocessing = 0;
		};
/* End PBXFrameworksBuildPhase section */

/* Begin PBXGroup section */
		C33643F61A7888810047AAE5 /* ProgressHUD */ = {
			isa = PBXGroup;
			children = (
				C33643F71A7888810047AAE5 /* ProgressHUD.bundle */,
				C33643F81A7888810047AAE5 /* ProgressHUD.h */,
				C33643F91A7888810047AAE5 /* ProgressHUD.m */,
			);
			path = ProgressHUD;
			sourceTree = "<group>";
		};
		C3422B411A56C4E90095B6AA /* RefreshTableHeaderView */ = {
			isa = PBXGroup;
			children = (
				C3422B421A56C4E90095B6AA /* activityView.h */,
				C3422B431A56C4E90095B6AA /* activityView.m */,
				C3422B441A56C4E90095B6AA /* EGORefreshTableHeaderView.h */,
				C3422B451A56C4E90095B6AA /* EGORefreshTableHeaderView.m */,
			);
			path = RefreshTableHeaderView;
			sourceTree = "<group>";
		};
		C35D16141A610088000E57BC /* TBCell */ = {
			isa = PBXGroup;
			children = (
				C35D16151A61017D000E57BC /* SideMenuCell.h */,
				C35D16161A61017D000E57BC /* SideMenuCell.m */,
				C35D16181A610DCC000E57BC /* ScanDeviceCell.h */,
				C35D16191A610DCC000E57BC /* ScanDeviceCell.m */,
				C33F4E2C1A7E09BD009A497A /* AlertSettingCell.h */,
				C33F4E2D1A7E09BD009A497A /* AlertSettingCell.m */,
			);
			name = TBCell;
			sourceTree = "<group>";
		};
		C38819831A51749A004A98CA /* 3rdWidget */ = {
			isa = PBXGroup;
			children = (
				C33643F61A7888810047AAE5 /* ProgressHUD */,
				C3E365FD1A6BBC20002170CA /* RDVTabBarController */,
				C3422B411A56C4E90095B6AA /* RefreshTableHeaderView */,
				C38819841A5175A5004A98CA /* MFSideMenu */,
			);
			name = 3rdWidget;
			sourceTree = "<group>";
		};
		C38819841A5175A5004A98CA /* MFSideMenu */ = {
			isa = PBXGroup;
			children = (
				C38819851A5175A5004A98CA /* MFSideMenu.h */,
				C38819861A5175A5004A98CA /* MFSideMenuContainerViewController.h */,
				C38819871A5175A5004A98CA /* MFSideMenuContainerViewController.m */,
				C38819881A5175A5004A98CA /* MFSideMenuShadow.h */,
				C38819891A5175A5004A98CA /* MFSideMenuShadow.m */,
				C388198A1A5175A5004A98CA /* UIViewController+MFSideMenuAdditions.h */,
				C388198B1A5175A5004A98CA /* UIViewController+MFSideMenuAdditions.m */,
			);
			path = MFSideMenu;
			sourceTree = "<group>";
		};
		C38819961A523F8C004A98CA /* Resource */ = {
			isa = PBXGroup;
			children = (
				A5BEA1411ACC252200765B00 /* bg_scancell_gray@2x.png */,
				A5BEA1421ACC252200765B00 /* bg_btn_gray@2x.png */,
				A5BEA1311ACC245200765B00 /* icon58.png */,
				A5BEA1321ACC245300765B00 /* icon80.png */,
				A5BEA1331ACC245300765B00 /* icon87.png */,
				A5BEA1341ACC245300765B00 /* icon180.png */,
				A5BEA1351ACC245300765B00 /* lauchScreen480@2x.png */,
				A5BEA12D1ACB954500765B00 /* bg_cell_white@2x.png */,
				A5BEA1251ACB814200765B00 /* minus@2x.png */,
				A5BEA1261ACB814200765B00 /* no@2x.png */,
				A5BEA1271ACB814200765B00 /* plus@2x.png */,
				A5BEA1281ACB814200765B00 /* yes@2x.png */,
				A5C94C501ACA5F99009A6C6D /* bg_btn_red@2x.png */,
				A5D19AC11AC7F5C0000A8D29 /* icon_60pt@2x.png */,
				A5D19AC21AC7F5C0000A8D29 /* launch_iphone6@2x.png */,
				A5D19AC31AC7F5C0000A8D29 /* launch_iphone6P@3x.png */,
				A5D19ABF1AC6DE8C000A8D29 /* aboutScreen@2x.png */,
				A57D2FEC1ABA5A9A00FC1264 /* bg_btn_disconnect@2x.png */,
				A56C26661AA5E46400285B64 /* third_normal@2x.png */,
				A56C26641AA5E45700285B64 /* second_normal@2x.png */,
				A56C265E1AA5E20600285B64 /* first_selected@2x.png */,
				A56C265F1AA5E20600285B64 /* second_selected@2x.png */,
				A56C26601AA5E20600285B64 /* third_selected@2x.png */,
				A578AB701AA35B4000CC0AA5 /* launchScreen@2x.png */,
				C3E8D7011AA3110500301B6B /* user_set01@2x.png */,
				C3E8D7021AA3110500301B6B /* user_set02@2x.png */,
				C3E8D7031AA3110500301B6B /* user_set03@2x.png */,
				C3E8D7041AA3110500301B6B /* user_set04@2x.png */,
				C3E8D7051AA3110500301B6B /* user_set05@2x.png */,
				C3E8D7061AA3110500301B6B /* user_set06@2x.png */,
				A5EFE1E51A88A347008775B7 /* ico_sidemenu_about@2x.png */,
				A5EFE1E31A88A052008775B7 /* icon@2x.png */,
				C3C4466C1A875BCB006D3D76 /* setting@2x.png */,
				C3E7C17F1A85DB4100C58294 /* Bicker.mp3 */,
				C3E7C1801A85DB4100C58294 /* Chirp.mp3 */,
				C3E7C1811A85DB4100C58294 /* Hill stream.mp3 */,
				C3E7C1821A85DB4100C58294 /* Rain.mp3 */,
				C3E7C1831A85DB4100C58294 /* Wave.mp3 */,
				C3E7C1841A85DB4100C58294 /* Zen.mp3 */,
				C3D7CA401A847FCA00FBE9CB /* app40@2x.png */,
				C3D7CA3C1A84760B00FBE9CB /* ico_minus2@2x.png */,
				C3D7CA3D1A84760B00FBE9CB /* ico_plus2@2x.png */,
				C33F4E261A7E07ED009A497A /* app41@2x.png */,
				C33F4E271A7E07ED009A497A /* app42@2x.png */,
				C33F4E281A7E07ED009A497A /* app43@2x.png */,
				C33F4E181A7DFC10009A497A /* tutorial_eng1_4.png */,
				C33F4E191A7DFC10009A497A /* tutorial_eng2_4.png */,
				C33F4E1A1A7DFC10009A497A /* tutorial_eng3_4.png */,
				C33F4E1B1A7DFC10009A497A /* tutorial_eng4_4.png */,
				C33F4E1C1A7DFC10009A497A /* tutorial_eng5_4.png */,
				C33F4E1D1A7DFC10009A497A /* tutorial_eng6_4.png */,
				C33F4E1E1A7DFC10009A497A /* tutorial_eng7_4.png */,
				C33F4E0A1A7BE46F009A497A /* tutorial_eng_0.png */,
				C33F4E0B1A7BE46F009A497A /* tutorial_eng_1.png */,
				C33F4E0C1A7BE46F009A497A /* tutorial_eng_2.png */,
				C33F4E0D1A7BE46F009A497A /* tutorial_eng_3.png */,
				C33F4E0E1A7BE46F009A497A /* tutorial_eng_4.png */,
				C33F4E0F1A7BE46F009A497A /* tutorial_eng_5.png */,
				C33F4E101A7BE46F009A497A /* tutorial_eng.png */,
				C33F4E081A7BD8AB009A497A /* bg_btn_green@2x.png */,
				C33644111A78ABAE0047AAE5 /* ico_navibtn_setting@2x.png */,
				C33644121A78ABAE0047AAE5 /* ico_navibtn_sidemenu@2x.png */,
				C336440E1A78AB5C0047AAE5 /* bg_btn_blue@2x.png */,
				C336440C1A78AB1A0047AAE5 /* ico_imist@2x.png */,
				C33644041A78AA1F0047AAE5 /* bg_scancell_blue@2x.png */,
				C33644061A78AA1F0047AAE5 /* bg_scancell_green@2x.png */,
				C33644071A78AA1F0047AAE5 /* bg_scancell_red@2x.png */,
				C33643FE1A78A20E0047AAE5 /* ico_scancell@2x.png */,
				C33643FF1A78A20E0047AAE5 /* ico_sidemenu_share@2x.png */,
				C33644001A78A20E0047AAE5 /* ico_sidemenu_tutorial@2x.png */,
				C33643FC1A789C410047AAE5 /* bg_sidemenu_cell@2x.png */,
				C3DFE8F31A6CB6F10044F52E /* first_normal@2x.png */,
				C3DFE8F51A6CB6F10044F52E /* first_selected@2x.png */,
				C3DFE8F61A6CB6F10044F52E /* navigationbar_background.png */,
				C3DFE8F71A6CB6F10044F52E /* navigationbar_background@2x.png */,
				C3DFE8F81A6CB6F10044F52E /* navigationbar_background_tall.png */,
				C3DFE8F91A6CB6F10044F52E /* navigationbar_background_tall@2x.png */,
				C3DFE8FD1A6CB6F20044F52E /* second_selected@2x.png */,
				C3DFE8FE1A6CB6F20044F52E /* tabbar_normal_background.png */,
				C3DFE8FF1A6CB6F20044F52E /* tabbar_normal_background@2x.png */,
				C3DFE9001A6CB6F20044F52E /* tabbar_selected_background.png */,
				C3DFE9011A6CB6F20044F52E /* tabbar_selected_background@2x.png */,
				C3DFE9051A6CB6F20044F52E /* third_selected@2x.png */,
				C3422B481A56C6020095B6AA /* rh_pattern.png */,
				C3422B491A56C6020095B6AA /* rh_pattern@2x.png */,
				C3422B4A1A56C6020095B6AA /* rh_up.png */,
				C3422B4B1A56C6020095B6AA /* rh_up@2x.png */,
				C3422B4C1A56C6020095B6AA /* rh_whirl.png */,
				C3422B4D1A56C6020095B6AA /* rh_whirl@2x.png */,
				C3422B3F1A56A8BB0095B6AA /* arrow@2x.png */,
				C38819971A523FC0004A98CA /* back-arrow.png */,
				C38819981A523FC0004A98CA /* back-arrow@2x.png */,
				C38819991A523FC0004A98CA /* Default-568h@2x.png */,
				C388199A1A523FC0004A98CA /* menu-icon.png */,
				C388199B1A523FC0004A98CA /* menu-icon@2x.png */,
			);
			name = Resource;
			sourceTree = "<group>";
		};
		C3A8A0641A4EB94D004C9ADE = {
			isa = PBXGroup;
			children = (
				C3A8A06F1A4EB94D004C9ADE /* Imist */,
				C3A8A0B31A4EBCBB004C9ADE /* Frameworks */,
				C3A8A0891A4EB94D004C9ADE /* ImistTests */,
				C3A8A06E1A4EB94D004C9ADE /* Products */,
			);
			sourceTree = "<group>";
		};
		C3A8A06E1A4EB94D004C9ADE /* Products */ = {
			isa = PBXGroup;
			children = (
				C3A8A06D1A4EB94D004C9ADE /* Imist.app */,
				C3A8A0861A4EB94D004C9ADE /* ImistTests.xctest */,
			);
			name = Products;
			sourceTree = "<group>";
		};
		C3A8A06F1A4EB94D004C9ADE /* Imist */ = {
			isa = PBXGroup;
			children = (
				C3A8A0741A4EB94D004C9ADE /* AppDelegate.h */,
				C3A8A0751A4EB94D004C9ADE /* AppDelegate.m */,
				C3A8A09E1A4EBB81004C9ADE /* Classes */,
				C3A8A07D1A4EB94D004C9ADE /* Images.xcassets */,
				C3A8A07F1A4EB94D004C9ADE /* LaunchScreen.xib */,
				C38819961A523F8C004A98CA /* Resource */,
				C3A8A0701A4EB94D004C9ADE /* Supporting Files */,
			);
			path = Imist;
			sourceTree = "<group>";
		};
		C3A8A0701A4EB94D004C9ADE /* Supporting Files */ = {
			isa = PBXGroup;
			children = (
				C3A8A0711A4EB94D004C9ADE /* Info.plist */,
				C3A8A0721A4EB94D004C9ADE /* main.m */,
				C3A8A09A1A4EB996004C9ADE /* InfoPlist.strings */,
				C3A8A0A21A4EBC02004C9ADE /* Imist-Prefix.pch */,
			);
			name = "Supporting Files";
			sourceTree = "<group>";
		};
		C3A8A0891A4EB94D004C9ADE /* ImistTests */ = {
			isa = PBXGroup;
			children = (
				C3A8A08C1A4EB94D004C9ADE /* ImistTests.m */,
				C3A8A08A1A4EB94D004C9ADE /* Supporting Files */,
			);
			path = ImistTests;
			sourceTree = "<group>";
		};
		C3A8A08A1A4EB94D004C9ADE /* Supporting Files */ = {
			isa = PBXGroup;
			children = (
				C3A8A08B1A4EB94D004C9ADE /* Info.plist */,
			);
			name = "Supporting Files";
			sourceTree = "<group>";
		};
		C3A8A09E1A4EBB81004C9ADE /* Classes */ = {
			isa = PBXGroup;
			children = (
				C3A8A0CD1A4FD423004C9ADE /* BLE */,
				C3A8A0B41A4EBD7A004C9ADE /* Helper */,
				C35D16141A610088000E57BC /* TBCell */,
				C3A8A0C31A4EBF66004C9ADE /* ViewController */,
				C38819831A51749A004A98CA /* 3rdWidget */,
			);
			name = Classes;
			sourceTree = "<group>";
		};
		C3A8A0B31A4EBCBB004C9ADE /* Frameworks */ = {
			isa = PBXGroup;
			children = (
				C3D7CA421A84B73300FBE9CB /* AVKit.framework */,
				C3F7E0F71A70930800984037 /* AudioToolbox.framework */,
				C3A8A0BB1A4EBDE0004C9ADE /* MessageUI.framework */,
				C3A8A0B91A4EBDD6004C9ADE /* MobileCoreServices.framework */,
				C3A8A0B11A4EBCA6004C9ADE /* CoreGraphics.framework */,
				C3A8A0AF1A4EBC94004C9ADE /* CoreLocation.framework */,
				C3A8A0AD1A4EBC86004C9ADE /* SystemConfiguration.framework */,
				C3A8A0AB1A4EBC77004C9ADE /* UIKit.framework */,
				C3A8A0A91A4EBC66004C9ADE /* ImageIO.framework */,
				C3A8A0A71A4EBC52004C9ADE /* QuartzCore.framework */,
				C3A8A0A51A4EBC49004C9ADE /* CoreBluetooth.framework */,
				C3A8A0A31A4EBC3C004C9ADE /* Foundation.framework */,
			);
			name = Frameworks;
			sourceTree = "<group>";
		};
		C3A8A0B41A4EBD7A004C9ADE /* Helper */ = {
			isa = PBXGroup;
			children = (
				C3422B391A56A2AB0095B6AA /* UIImage+GIF.h */,
				C3422B3A1A56A2AB0095B6AA /* UIImage+GIF.m */,
				C3A8A0C71A4EC57D004C9ADE /* UIColor+InnerBand.h */,
				C3A8A0C81A4EC57D004C9ADE /* UIColor+InnerBand.m */,
				C3A8A0C41A4EC2DC004C9ADE /* NSStringEx.h */,
				C3A8A0C51A4EC2DC004C9ADE /* NSStringEx.m */,
				C3A8A0C01A4EBE45004C9ADE /* NSDate+InnerBand.h */,
				C3A8A0C11A4EBE45004C9ADE /* NSDate+InnerBand.m */,
				C3A8A0B61A4EBDC4004C9ADE /* Functions.h */,
				C3A8A0B71A4EBDC4004C9ADE /* Functions.m */,
				C3A8A0B51A4EBDA6004C9ADE /* Macros.h */,
			);
			name = Helper;
			sourceTree = "<group>";
		};
		C3A8A0C31A4EBF66004C9ADE /* ViewController */ = {
			isa = PBXGroup;
			children = (
				A5BEA1451ACCF6F100765B00 /* RenameWakeup.h */,
				A5BEA1461ACCF6F100765B00 /* RenameWakeup.m */,
				A57D2FF11ABC4E6600FC1264 /* SettingMenu.h */,
				A57D2FF21ABC4E6600FC1264 /* SettingMenu.m */,
				A57D2FEE1ABC20A400FC1264 /* ShareVC.h */,
				A57D2FEF1ABC20A400FC1264 /* ShareVC.m */,
				A54EC4B81AA97F2700EBD2DE /* Manager.h */,
				A54EC4B91AA97F2700EBD2DE /* Manager.m */,
				C38819A41A524D02004A98CA /* AboutVC.h */,
				C38819A51A524D02004A98CA /* AboutVC.m */,
				C3A8A09F1A4EBB9D004C9ADE /* BaseViewController.h */,
				C3A8A0A01A4EBB9D004C9ADE /* BaseViewController.m */,
				C388198F1A5175EF004A98CA /* ScanDevicesVC.h */,
				C38819901A5175EF004A98CA /* ScanDevicesVC.m */,
				C38819A11A5247D2004A98CA /* SettingVC.h */,
				C38819A21A5247D2004A98CA /* SettingVC.m */,
				C38819921A517635004A98CA /* SideMenuViewController.h */,
				C38819931A517635004A98CA /* SideMenuViewController.m */,
				C3A8A0CA1A4FD18D004C9ADE /* TutoralVC.h */,
				C3A8A0CB1A4FD18D004C9ADE /* TutoralVC.m */,
				C34A28581A6B83E30008367C /* SettingModeVC.h */,
				C34A28591A6B83E30008367C /* SettingModeVC.m */,
				C3E365FA1A6B9AFC002170CA /* SettingUser.h */,
				C3E365FB1A6B9AFC002170CA /* SettingUser.m */,
				C3DFE8EF1A6CB36E0044F52E /* SettingAlerm.h */,
				C3DFE8F01A6CB36E0044F52E /* SettingAlerm.m */,
				C352A1161A6F696400FC285A /* AddAlarmVC.h */,
				C352A1171A6F696400FC285A /* AddAlarmVC.m */,
				C352A1191A6F819C00FC285A /* PickDayVC.h */,
				C352A11A1A6F819C00FC285A /* PickDayVC.m */,
				C3F7E0F41A708FB700984037 /* PickSoundVC.h */,
				C3F7E0F51A708FB700984037 /* PickSoundVC.m */,
			);
			name = ViewController;
			sourceTree = "<group>";
		};
		C3A8A0CD1A4FD423004C9ADE /* BLE */ = {
			isa = PBXGroup;
			children = (
				C38819801A516DC7004A98CA /* PeriperalInfo.h */,
				C38819811A516DC7004A98CA /* PeriperalInfo.m */,
				C388197D1A516D3A004A98CA /* BTServer.h */,
				C388197E1A516D3A004A98CA /* BTServer.m */,
			);
			name = BLE;
			sourceTree = "<group>";
		};
		C3E365FD1A6BBC20002170CA /* RDVTabBarController */ = {
			isa = PBXGroup;
			children = (
				C3E365FE1A6BBC20002170CA /* RDVTabBar.h */,
				C3E365FF1A6BBC20002170CA /* RDVTabBar.m */,
				C3E366001A6BBC20002170CA /* RDVTabBarController.h */,
				C3E366011A6BBC20002170CA /* RDVTabBarController.m */,
				C3E366021A6BBC20002170CA /* RDVTabBarItem.h */,
				C3E366031A6BBC20002170CA /* RDVTabBarItem.m */,
			);
			path = RDVTabBarController;
			sourceTree = "<group>";
		};
/* End PBXGroup section */

/* Begin PBXNativeTarget section */
		C3A8A06C1A4EB94D004C9ADE /* Imist */ = {
			isa = PBXNativeTarget;
			buildConfigurationList = C3A8A0901A4EB94D004C9ADE /* Build configuration list for PBXNativeTarget "Imist" */;
			buildPhases = (
				C3A8A0691A4EB94D004C9ADE /* Sources */,
				C3A8A06A1A4EB94D004C9ADE /* Frameworks */,
				C3A8A06B1A4EB94D004C9ADE /* Resources */,
			);
			buildRules = (
			);
			dependencies = (
			);
			name = Imist;
			productName = Imist;
			productReference = C3A8A06D1A4EB94D004C9ADE /* Imist.app */;
			productType = "com.apple.product-type.application";
		};
		C3A8A0851A4EB94D004C9ADE /* ImistTests */ = {
			isa = PBXNativeTarget;
			buildConfigurationList = C3A8A0931A4EB94D004C9ADE /* Build configuration list for PBXNativeTarget "ImistTests" */;
			buildPhases = (
				C3A8A0821A4EB94D004C9ADE /* Sources */,
				C3A8A0831A4EB94D004C9ADE /* Frameworks */,
				C3A8A0841A4EB94D004C9ADE /* Resources */,
			);
			buildRules = (
			);
			dependencies = (
				C3A8A0881A4EB94D004C9ADE /* PBXTargetDependency */,
			);
			name = ImistTests;
			productName = ImistTests;
			productReference = C3A8A0861A4EB94D004C9ADE /* ImistTests.xctest */;
			productType = "com.apple.product-type.bundle.unit-test";
		};
/* End PBXNativeTarget section */

/* Begin PBXProject section */
		C3A8A0651A4EB94D004C9ADE /* Project object */ = {
			isa = PBXProject;
			attributes = {
				LastUpgradeCheck = 0610;
				ORGANIZATIONNAME = oc;
				TargetAttributes = {
					C3A8A06C1A4EB94D004C9ADE = {
						CreatedOnToolsVersion = 6.1.1;
						DevelopmentTeam = 2MP3RU9269;
						SystemCapabilities = {
							com.apple.BackgroundModes = {
								enabled = 1;
							};
						};
					};
					C3A8A0851A4EB94D004C9ADE = {
						CreatedOnToolsVersion = 6.1.1;
						TestTargetID = C3A8A06C1A4EB94D004C9ADE;
					};
				};
			};
			buildConfigurationList = C3A8A0681A4EB94D004C9ADE /* Build configuration list for PBXProject "Imist" */;
			compatibilityVersion = "Xcode 3.2";
			developmentRegion = English;
			hasScannedForEncodings = 0;
			knownRegions = (
				en,
				Base,
			);
			mainGroup = C3A8A0641A4EB94D004C9ADE;
			productRefGroup = C3A8A06E1A4EB94D004C9ADE /* Products */;
			projectDirPath = "";
			projectRoot = "";
			targets = (
				C3A8A06C1A4EB94D004C9ADE /* Imist */,
				C3A8A0851A4EB94D004C9ADE /* ImistTests */,
			);
		};
/* End PBXProject section */

/* Begin PBXResourcesBuildPhase section */
		C3A8A06B1A4EB94D004C9ADE /* Resources */ = {
			isa = PBXResourcesBuildPhase;
			buildActionMask = 2147483647;
			files = (
				A5BEA13B1ACC245300765B00 /* icon80.png in Resources */,
				C3DFE9091A6CB6F20044F52E /* first_selected@2x.png in Resources */,
				C3E8D7081AA3110500301B6B /* user_set02@2x.png in Resources */,
				C3D7CA3F1A84760B00FBE9CB /* ico_plus2@2x.png in Resources */,
				C3422B521A56C6020095B6AA /* rh_whirl.png in Resources */,
				C3DFE90C1A6CB6F20044F52E /* navigationbar_background_tall.png in Resources */,
				C3DFE9151A6CB6F20044F52E /* tabbar_selected_background@2x.png in Resources */,
				C3422B4E1A56C6020095B6AA /* rh_pattern.png in Resources */,
				C33644161A78ABAE0047AAE5 /* ico_navibtn_sidemenu@2x.png in Resources */,
				A5BEA1441ACC252200765B00 /* bg_btn_gray@2x.png in Resources */,
				C3E7C1861A85DB4100C58294 /* Chirp.mp3 in Resources */,
				C33644031A78A20E0047AAE5 /* ico_sidemenu_tutorial@2x.png in Resources */,
				C38819A01A523FC0004A98CA /* menu-icon@2x.png in Resources */,
				C336440D1A78AB1A0047AAE5 /* ico_imist@2x.png in Resources */,
				A5BEA13E1ACC245300765B00 /* lauchScreen480@2x.png in Resources */,
				C3E7C1881A85DB4100C58294 /* Rain.mp3 in Resources */,
				C33644011A78A20E0047AAE5 /* ico_scancell@2x.png in Resources */,
				C3422B511A56C6020095B6AA /* rh_up@2x.png in Resources */,
				C3E8D70B1AA3110500301B6B /* user_set05@2x.png in Resources */,
				C33F4E161A7BE46F009A497A /* tutorial_eng_5.png in Resources */,
				C3D7CA411A847FCA00FBE9CB /* app40@2x.png in Resources */,
				C33F4E241A7DFC10009A497A /* tutorial_eng6_4.png in Resources */,
				C33F4E221A7DFC10009A497A /* tutorial_eng4_4.png in Resources */,
				A5C94C511ACA5F99009A6C6D /* bg_btn_red@2x.png in Resources */,
				C33644151A78ABAE0047AAE5 /* ico_navibtn_setting@2x.png in Resources */,
				A5D19AC41AC7F5C0000A8D29 /* icon_60pt@2x.png in Resources */,
				A56C26621AA5E20600285B64 /* second_selected@2x.png in Resources */,
				C33644081A78AA1F0047AAE5 /* bg_scancell_blue@2x.png in Resources */,
				C3A8A0981A4EB996004C9ADE /* InfoPlist.strings in Resources */,
				C3E8D70C1AA3110500301B6B /* user_set06@2x.png in Resources */,
				C33F4E091A7BD8AB009A497A /* bg_btn_green@2x.png in Resources */,
				A5BEA13C1ACC245300765B00 /* icon87.png in Resources */,
				C3DFE9121A6CB6F20044F52E /* tabbar_normal_background.png in Resources */,
				C336440B1A78AA1F0047AAE5 /* bg_scancell_red@2x.png in Resources */,
				C3DFE90A1A6CB6F20044F52E /* navigationbar_background.png in Resources */,
				C3A8A0811A4EB94D004C9ADE /* LaunchScreen.xib in Resources */,
				C336440A1A78AA1F0047AAE5 /* bg_scancell_green@2x.png in Resources */,
				C33643FD1A789C410047AAE5 /* bg_sidemenu_cell@2x.png in Resources */,
				C3E7C1891A85DB4100C58294 /* Wave.mp3 in Resources */,
				C388199C1A523FC0004A98CA /* back-arrow.png in Resources */,
				C33F4E291A7E07ED009A497A /* app41@2x.png in Resources */,
				A5BEA1291ACB814200765B00 /* minus@2x.png in Resources */,
				C3E8D7091AA3110500301B6B /* user_set03@2x.png in Resources */,
				C33F4E251A7DFC10009A497A /* tutorial_eng7_4.png in Resources */,
				C33F4E1F1A7DFC10009A497A /* tutorial_eng1_4.png in Resources */,
				C3422B4F1A56C6020095B6AA /* rh_pattern@2x.png in Resources */,
				C3DFE90D1A6CB6F20044F52E /* navigationbar_background_tall@2x.png in Resources */,
				C33F4E141A7BE46F009A497A /* tutorial_eng_3.png in Resources */,
				C3E8D7071AA3110500301B6B /* user_set01@2x.png in Resources */,
				A578AB711AA35B4000CC0AA5 /* launchScreen@2x.png in Resources */,
				C3DFE90B1A6CB6F20044F52E /* navigationbar_background@2x.png in Resources */,
				C3422B501A56C6020095B6AA /* rh_up.png in Resources */,
				C3DFE9071A6CB6F20044F52E /* first_normal@2x.png in Resources */,
				C3D7CA3E1A84760B00FBE9CB /* ico_minus2@2x.png in Resources */,
				C388199D1A523FC0004A98CA /* back-arrow@2x.png in Resources */,
				A5BEA12A1ACB814200765B00 /* no@2x.png in Resources */,
				C3C4466D1A875BCB006D3D76 /* setting@2x.png in Resources */,
				C33F4E201A7DFC10009A497A /* tutorial_eng2_4.png in Resources */,
				C336440F1A78AB5C0047AAE5 /* bg_btn_blue@2x.png in Resources */,
				C3422B531A56C6020095B6AA /* rh_whirl@2x.png in Resources */,
				C33F4E121A7BE46F009A497A /* tutorial_eng_1.png in Resources */,
				C388199F1A523FC0004A98CA /* menu-icon.png in Resources */,
				A5BEA12B1ACB814200765B00 /* plus@2x.png in Resources */,
				C33F4E151A7BE46F009A497A /* tutorial_eng_4.png in Resources */,
				A5BEA13D1ACC245300765B00 /* icon180.png in Resources */,
				C33F4E2B1A7E07ED009A497A /* app43@2x.png in Resources */,
				C3E7C1871A85DB4100C58294 /* Hill stream.mp3 in Resources */,
				C3E7C1851A85DB4100C58294 /* Bicker.mp3 in Resources */,
				C3DFE9111A6CB6F20044F52E /* second_selected@2x.png in Resources */,
				C3A8A07E1A4EB94D004C9ADE /* Images.xcassets in Resources */,
				C3E7C18A1A85DB4100C58294 /* Zen.mp3 in Resources */,
				C33644021A78A20E0047AAE5 /* ico_sidemenu_share@2x.png in Resources */,
				C33F4E171A7BE46F009A497A /* tutorial_eng.png in Resources */,
				A5BEA12E1ACB954500765B00 /* bg_cell_white@2x.png in Resources */,
				C3DFE9191A6CB6F20044F52E /* third_selected@2x.png in Resources */,
				A56C26611AA5E20600285B64 /* first_selected@2x.png in Resources */,
				A5EFE1E41A88A052008775B7 /* icon@2x.png in Resources */,
				C33F4E131A7BE46F009A497A /* tutorial_eng_2.png in Resources */,
				A5BEA13A1ACC245300765B00 /* icon58.png in Resources */,
				C33F4E111A7BE46F009A497A /* tutorial_eng_0.png in Resources */,
				A5BEA1431ACC252200765B00 /* bg_scancell_gray@2x.png in Resources */,
				A57D2FED1ABA5A9A00FC1264 /* bg_btn_disconnect@2x.png in Resources */,
				A56C26671AA5E46400285B64 /* third_normal@2x.png in Resources */,
				C33F4E211A7DFC10009A497A /* tutorial_eng3_4.png in Resources */,
				C33F4E2A1A7E07ED009A497A /* app42@2x.png in Resources */,
				C33F4E231A7DFC10009A497A /* tutorial_eng5_4.png in Resources */,
				C388199E1A523FC0004A98CA /* Default-568h@2x.png in Resources */,
				A5BEA12C1ACB814200765B00 /* yes@2x.png in Resources */,
				A5D19AC01AC6DE8C000A8D29 /* aboutScreen@2x.png in Resources */,
				A56C26651AA5E45700285B64 /* second_normal@2x.png in Resources */,
				A56C26631AA5E20600285B64 /* third_selected@2x.png in Resources */,
				C3DFE9141A6CB6F20044F52E /* tabbar_selected_background.png in Resources */,
				C33643FA1A7888810047AAE5 /* ProgressHUD.bundle in Resources */,
				C3DFE9131A6CB6F20044F52E /* tabbar_normal_background@2x.png in Resources */,
				A5EFE1E61A88A347008775B7 /* ico_sidemenu_about@2x.png in Resources */,
				A5D19AC51AC7F5C0000A8D29 /* launch_iphone6@2x.png in Resources */,
				C3E8D70A1AA3110500301B6B /* user_set04@2x.png in Resources */,
				C3422B401A56A8BB0095B6AA /* arrow@2x.png in Resources */,
				A5D19AC61AC7F5C0000A8D29 /* launch_iphone6P@3x.png in Resources */,
			);
			runOnlyForDeploymentPostprocessing = 0;
		};
		C3A8A0841A4EB94D004C9ADE /* Resources */ = {
			isa = PBXResourcesBuildPhase;
			buildActionMask = 2147483647;
			files = (
			);
			runOnlyForDeploymentPostprocessing = 0;
		};
/* End PBXResourcesBuildPhase section */

/* Begin PBXSourcesBuildPhase section */
		C3A8A0691A4EB94D004C9ADE /* Sources */ = {
			isa = PBXSourcesBuildPhase;
			buildActionMask = 2147483647;
			files = (
				C38819941A517635004A98CA /* SideMenuViewController.m in Sources */,
				C3A8A0C21A4EBE45004C9ADE /* NSDate+InnerBand.m in Sources */,
				C352A11B1A6F819C00FC285A /* PickDayVC.m in Sources */,
				C38819911A5175EF004A98CA /* ScanDevicesVC.m in Sources */,
				C34A285A1A6B83E30008367C /* SettingModeVC.m in Sources */,
				C3A8A0C91A4EC57D004C9ADE /* UIColor+InnerBand.m in Sources */,
				A57D2FF01ABC20A400FC1264 /* ShareVC.m in Sources */,
				C3E365FC1A6B9AFC002170CA /* SettingUser.m in Sources */,
				C388198C1A5175A5004A98CA /* MFSideMenuContainerViewController.m in Sources */,
				C3A8A0CC1A4FD18D004C9ADE /* TutoralVC.m in Sources */,
				C3DFE8F11A6CB36E0044F52E /* SettingAlerm.m in Sources */,
				C35D161A1A610DCC000E57BC /* ScanDeviceCell.m in Sources */,
				C388198D1A5175A5004A98CA /* MFSideMenuShadow.m in Sources */,
				C388198E1A5175A5004A98CA /* UIViewController+MFSideMenuAdditions.m in Sources */,
				C33F4E2E1A7E09BD009A497A /* AlertSettingCell.m in Sources */,
				C388197F1A516D3A004A98CA /* BTServer.m in Sources */,
				C3E366051A6BBC20002170CA /* RDVTabBarController.m in Sources */,
				C3A8A0C61A4EC2DC004C9ADE /* NSStringEx.m in Sources */,
				C3A8A0761A4EB94D004C9ADE /* AppDelegate.m in Sources */,
				C38819A61A524D02004A98CA /* AboutVC.m in Sources */,
				A54EC4BA1AA97F2700EBD2DE /* Manager.m in Sources */,
				A57D2FF31ABC4E6600FC1264 /* SettingMenu.m in Sources */,
				A5BEA1471ACCF6F100765B00 /* RenameWakeup.m in Sources */,
				C3422B471A56C4E90095B6AA /* EGORefreshTableHeaderView.m in Sources */,
				C38819821A516DC7004A98CA /* PeriperalInfo.m in Sources */,
				C3A8A0A11A4EBB9D004C9ADE /* BaseViewController.m in Sources */,
				C3E366041A6BBC20002170CA /* RDVTabBar.m in Sources */,
				C3F7E0F61A708FB700984037 /* PickSoundVC.m in Sources */,
				C3E366061A6BBC20002170CA /* RDVTabBarItem.m in Sources */,
				C352A1181A6F696400FC285A /* AddAlarmVC.m in Sources */,
				C38819A31A5247D2004A98CA /* SettingVC.m in Sources */,
				C3A8A0731A4EB94D004C9ADE /* main.m in Sources */,
				C3422B461A56C4E90095B6AA /* activityView.m in Sources */,
				C3422B3B1A56A2AB0095B6AA /* UIImage+GIF.m in Sources */,
				C3A8A0B81A4EBDC4004C9ADE /* Functions.m in Sources */,
				C33643FB1A7888820047AAE5 /* ProgressHUD.m in Sources */,
				C35D16171A61017D000E57BC /* SideMenuCell.m in Sources */,
			);
			runOnlyForDeploymentPostprocessing = 0;
		};
		C3A8A0821A4EB94D004C9ADE /* Sources */ = {
			isa = PBXSourcesBuildPhase;
			buildActionMask = 2147483647;
			files = (
				C3A8A08D1A4EB94D004C9ADE /* ImistTests.m in Sources */,
			);
			runOnlyForDeploymentPostprocessing = 0;
		};
/* End PBXSourcesBuildPhase section */

/* Begin PBXTargetDependency section */
		C3A8A0881A4EB94D004C9ADE /* PBXTargetDependency */ = {
			isa = PBXTargetDependency;
			target = C3A8A06C1A4EB94D004C9ADE /* Imist */;
			targetProxy = C3A8A0871A4EB94D004C9ADE /* PBXContainerItemProxy */;
		};
/* End PBXTargetDependency section */

/* Begin PBXVariantGroup section */
		C3A8A07F1A4EB94D004C9ADE /* LaunchScreen.xib */ = {
			isa = PBXVariantGroup;
			children = (
				C3A8A0801A4EB94D004C9ADE /* Base */,
				C3A8A09D1A4EBA1F004C9ADE /* en */,
			);
			name = LaunchScreen.xib;
			sourceTree = "<group>";
		};
		C3A8A09A1A4EB996004C9ADE /* InfoPlist.strings */ = {
			isa = PBXVariantGroup;
			children = (
				C3A8A0991A4EB996004C9ADE /* en */,
				C3A8A09B1A4EB999004C9ADE /* Base */,
			);
			name = InfoPlist.strings;
			sourceTree = "<group>";
		};
/* End PBXVariantGroup section */

/* Begin XCBuildConfiguration section */
		C3A8A08E1A4EB94D004C9ADE /* Debug */ = {
			isa = XCBuildConfiguration;
			buildSettings = {
				ALWAYS_SEARCH_USER_PATHS = NO;
				CLANG_CXX_LANGUAGE_STANDARD = "gnu++0x";
				CLANG_CXX_LIBRARY = "libc++";
				CLANG_ENABLE_MODULES = YES;
				CLANG_ENABLE_OBJC_ARC = YES;
				CLANG_WARN_BOOL_CONVERSION = YES;
				CLANG_WARN_CONSTANT_CONVERSION = YES;
				CLANG_WARN_DIRECT_OBJC_ISA_USAGE = YES_ERROR;
				CLANG_WARN_EMPTY_BODY = YES;
				CLANG_WARN_ENUM_CONVERSION = YES;
				CLANG_WARN_INT_CONVERSION = YES;
				CLANG_WARN_OBJC_ROOT_CLASS = YES_ERROR;
				CLANG_WARN_UNREACHABLE_CODE = YES;
				CLANG_WARN__DUPLICATE_METHOD_MATCH = YES;
				"CODE_SIGN_IDENTITY[sdk=iphoneos*]" = "iPhone Developer";
				COPY_PHASE_STRIP = NO;
				ENABLE_STRICT_OBJC_MSGSEND = YES;
				GCC_C_LANGUAGE_STANDARD = gnu99;
				GCC_DYNAMIC_NO_PIC = NO;
				GCC_OPTIMIZATION_LEVEL = 0;
				GCC_PREPROCESSOR_DEFINITIONS = (
					"DEBUG=1",
					"$(inherited)",
				);
				GCC_SYMBOLS_PRIVATE_EXTERN = NO;
				GCC_WARN_64_TO_32_BIT_CONVERSION = YES;
				GCC_WARN_ABOUT_RETURN_TYPE = YES_ERROR;
				GCC_WARN_UNDECLARED_SELECTOR = YES;
				GCC_WARN_UNINITIALIZED_AUTOS = YES_AGGRESSIVE;
				GCC_WARN_UNUSED_FUNCTION = YES;
				GCC_WARN_UNUSED_VARIABLE = YES;
				IPHONEOS_DEPLOYMENT_TARGET = 8.1;
				MTL_ENABLE_DEBUG_INFO = YES;
				ONLY_ACTIVE_ARCH = YES;
				SDKROOT = iphoneos;
			};
			name = Debug;
		};
		C3A8A08F1A4EB94D004C9ADE /* Release */ = {
			isa = XCBuildConfiguration;
			buildSettings = {
				ALWAYS_SEARCH_USER_PATHS = NO;
				CLANG_CXX_LANGUAGE_STANDARD = "gnu++0x";
				CLANG_CXX_LIBRARY = "libc++";
				CLANG_ENABLE_MODULES = YES;
				CLANG_ENABLE_OBJC_ARC = YES;
				CLANG_WARN_BOOL_CONVERSION = YES;
				CLANG_WARN_CONSTANT_CONVERSION = YES;
				CLANG_WARN_DIRECT_OBJC_ISA_USAGE = YES_ERROR;
				CLANG_WARN_EMPTY_BODY = YES;
				CLANG_WARN_ENUM_CONVERSION = YES;
				CLANG_WARN_INT_CONVERSION = YES;
				CLANG_WARN_OBJC_ROOT_CLASS = YES_ERROR;
				CLANG_WARN_UNREACHABLE_CODE = YES;
				CLANG_WARN__DUPLICATE_METHOD_MATCH = YES;
				"CODE_SIGN_IDENTITY[sdk=iphoneos*]" = "iPhone Developer";
				COPY_PHASE_STRIP = YES;
				ENABLE_NS_ASSERTIONS = NO;
				ENABLE_STRICT_OBJC_MSGSEND = YES;
				GCC_C_LANGUAGE_STANDARD = gnu99;
				GCC_WARN_64_TO_32_BIT_CONVERSION = YES;
				GCC_WARN_ABOUT_RETURN_TYPE = YES_ERROR;
				GCC_WARN_UNDECLARED_SELECTOR = YES;
				GCC_WARN_UNINITIALIZED_AUTOS = YES_AGGRESSIVE;
				GCC_WARN_UNUSED_FUNCTION = YES;
				GCC_WARN_UNUSED_VARIABLE = YES;
				IPHONEOS_DEPLOYMENT_TARGET = 8.1;
				MTL_ENABLE_DEBUG_INFO = NO;
				SDKROOT = iphoneos;
				VALIDATE_PRODUCT = YES;
			};
			name = Release;
		};
		C3A8A0911A4EB94D004C9ADE /* Debug */ = {
			isa = XCBuildConfiguration;
			buildSettings = {
				ASSETCATALOG_COMPILER_APPICON_NAME = AppIcon;
				ASSETCATALOG_COMPILER_LAUNCHIMAGE_NAME = LaunchImage;
				CODE_SIGN_IDENTITY = "iPhone Developer";
				"CODE_SIGN_IDENTITY[sdk=iphoneos*]" = "iPhone Developer";
				GCC_PRECOMPILE_PREFIX_HEADER = YES;
				GCC_PREFIX_HEADER = "Imist/Imist-Prefix.pch";
				INFOPLIST_FILE = Imist/Info.plist;
				IPHONEOS_DEPLOYMENT_TARGET = 7.0;
				LD_RUNPATH_SEARCH_PATHS = "$(inherited) @executable_path/Frameworks";
				PRODUCT_NAME = "$(TARGET_NAME)";
				PROVISIONING_PROFILE = "";
			};
			name = Debug;
		};
		C3A8A0921A4EB94D004C9ADE /* Release */ = {
			isa = XCBuildConfiguration;
			buildSettings = {
				ASSETCATALOG_COMPILER_APPICON_NAME = AppIcon;
				ASSETCATALOG_COMPILER_LAUNCHIMAGE_NAME = LaunchImage;
				CODE_SIGN_IDENTITY = "iPhone Developer";
				"CODE_SIGN_IDENTITY[sdk=iphoneos*]" = "iPhone Developer";
				GCC_PRECOMPILE_PREFIX_HEADER = YES;
				GCC_PREFIX_HEADER = "Imist/Imist-Prefix.pch";
				INFOPLIST_FILE = Imist/Info.plist;
				IPHONEOS_DEPLOYMENT_TARGET = 7.0;
				LD_RUNPATH_SEARCH_PATHS = "$(inherited) @executable_path/Frameworks";
				PRODUCT_NAME = "$(TARGET_NAME)";
				PROVISIONING_PROFILE = "";
			};
			name = Release;
		};
		C3A8A0941A4EB94D004C9ADE /* Debug */ = {
			isa = XCBuildConfiguration;
			buildSettings = {
				BUNDLE_LOADER = "$(TEST_HOST)";
				FRAMEWORK_SEARCH_PATHS = (
					"$(SDKROOT)/Developer/Library/Frameworks",
					"$(inherited)",
				);
				GCC_PREPROCESSOR_DEFINITIONS = (
					"DEBUG=1",
					"$(inherited)",
				);
				INFOPLIST_FILE = ImistTests/Info.plist;
				LD_RUNPATH_SEARCH_PATHS = "$(inherited) @executable_path/Frameworks @loader_path/Frameworks";
				PRODUCT_NAME = "$(TARGET_NAME)";
				TEST_HOST = "$(BUILT_PRODUCTS_DIR)/Imist.app/Imist";
			};
			name = Debug;
		};
		C3A8A0951A4EB94D004C9ADE /* Release */ = {
			isa = XCBuildConfiguration;
			buildSettings = {
				BUNDLE_LOADER = "$(TEST_HOST)";
				FRAMEWORK_SEARCH_PATHS = (
					"$(SDKROOT)/Developer/Library/Frameworks",
					"$(inherited)",
				);
				INFOPLIST_FILE = ImistTests/Info.plist;
				LD_RUNPATH_SEARCH_PATHS = "$(inherited) @executable_path/Frameworks @loader_path/Frameworks";
				PRODUCT_NAME = "$(TARGET_NAME)";
				TEST_HOST = "$(BUILT_PRODUCTS_DIR)/Imist.app/Imist";
			};
			name = Release;
		};
/* End XCBuildConfiguration section */

/* Begin XCConfigurationList section */
		C3A8A0681A4EB94D004C9ADE /* Build configuration list for PBXProject "Imist" */ = {
			isa = XCConfigurationList;
			buildConfigurations = (
				C3A8A08E1A4EB94D004C9ADE /* Debug */,
				C3A8A08F1A4EB94D004C9ADE /* Release */,
			);
			defaultConfigurationIsVisible = 0;
			defaultConfigurationName = Release;
		};
		C3A8A0901A4EB94D004C9ADE /* Build configuration list for PBXNativeTarget "Imist" */ = {
			isa = XCConfigurationList;
			buildConfigurations = (
				C3A8A0911A4EB94D004C9ADE /* Debug */,
				C3A8A0921A4EB94D004C9ADE /* Release */,
			);
			defaultConfigurationIsVisible = 0;
			defaultConfigurationName = Release;
		};
		C3A8A0931A4EB94D004C9ADE /* Build configuration list for PBXNativeTarget "ImistTests" */ = {
			isa = XCConfigurationList;
			buildConfigurations = (
				C3A8A0941A4EB94D004C9ADE /* Debug */,
				C3A8A0951A4EB94D004C9ADE /* Release */,
			);
			defaultConfigurationIsVisible = 0;
			defaultConfigurationName = Release;
		};
/* End XCConfigurationList section */
	};
	rootObject = C3A8A0651A4EB94D004C9ADE /* Project object */;
}
